// !$*UTF8*$!
{
	archiveVersion = 1;
	classes = {
	};
	objectVersion = 46;
	objects = {

/* Begin PBXBuildFile section */
		11DCCE771A2D6CEA00D3DD49 /* main.m in Sources */ = {isa = PBXBuildFile; fileRef = 11DCCE761A2D6CEA00D3DD49 /* main.m */; };
		11DCCE7F1A2D6D2900D3DD49 /* Student.m in Sources */ = {isa = PBXBuildFile; fileRef = 11DCCE7E1A2D6D2900D3DD49 /* Student.m */; };
		11DCCE821A2D6D3300D3DD49 /* Teacher.m in Sources */ = {isa = PBXBuildFile; fileRef = 11DCCE811A2D6D3300D3DD49 /* Teacher.m */; };
/* End PBXBuildFile section */

/* Begin PBXCopyFilesBuildPhase section */
		11DCCE711A2D6CEA00D3DD49 /* CopyFiles */ = {
			isa = PBXCopyFilesBuildPhase;
			buildActionMask = 2147483647;
			dstPath = /usr/share/man/man1/;
			dstSubfolderSpec = 0;
			files = (
			);
			runOnlyForDeploymentPostprocessing = 1;
		};
/* End PBXCopyFilesBuildPhase section */

/* Begin PBXFileReference section */
		11DCCE731A2D6CEA00D3DD49 /* NeiCun */ = {isa = PBXFileReference; explicitFileType = "compiled.mach-o.executable"; includeInIndex = 0; path = NeiCun; sourceTree = BUILT_PRODUCTS_DIR; };
		11DCCE761A2D6CEA00D3DD49 /* main.m */ = {isa = PBXFileReference; lastKnownFileType = sourcecode.c.objc; path = main.m; sourceTree = "<group>"; };
		11DCCE7D1A2D6D2900D3DD49 /* Student.h */ = {isa = PBXFileReference; fileEncoding = 4; lastKnownFileType = sourcecode.c.h; path = Student.h; sourceTree = "<group>"; };
		11DCCE7E1A2D6D2900D3DD49 /* Student.m */ = {isa = PBXFileReference; fileEncoding = 4; lastKnownFileType = sourcecode.c.objc; path = Student.m; sourceTree = "<group>"; };
		11DCCE801A2D6D3300D3DD49 /* Teacher.h */ = {isa = PBXFileReference; fileEncoding = 4; lastKnownFileType = sourcecode.c.h; path = Teacher.h; sourceTree = "<group>"; };
		11DCCE811A2D6D3300D3DD49 /* Teacher.m */ = {isa = PBXFileReference; fileEncoding = 4; lastKnownFileType = sourcecode.c.objc; path = Teacher.m; sourceTree = "<group>"; };
/* End PBXFileReference section */

/* Begin PBXFrameworksBuildPhase section */
		11DCCE701A2D6CEA00D3DD49 /* Frameworks */ = {
			isa = PBXFrameworksBuildPhase;
			buildActionMask = 2147483647;
			files = (
			);
			runOnlyForDeploymentPostprocessing = 0;
		};
/* End PBXFrameworksBuildPhase section */

/* Begin PBXGroup section */
		11DCCE6A1A2D6CEA00D3DD49 = {
			isa = PBXGroup;
			children = (
				11DCCE751A2D6CEA00D3DD49 /* NeiCun */,
				11DCCE741A2D6CEA00D3DD49 /* Products */,
			);
			sourceTree = "<group>";
		};
		11DCCE741A2D6CEA00D3DD49 /* Products */ = {
			isa = PBXGroup;
			children = (
				11DCCE731A2D6CEA00D3DD49 /* NeiCun */,
			);
			name = Products;
			sourceTree = "<group>";
		};
		11DCCE751A2D6CEA00D3DD49 /* NeiCun */ = {
			isa = PBXGroup;
			children = (
				11DCCE761A2D6CEA00D3DD49 /* main.m */,
				11DCCE7D1A2D6D2900D3DD49 /* Student.h */,
				11DCCE7E1A2D6D2900D3DD49 /* Student.m */,
				11DCCE801A2D6D3300D3DD49 /* Teacher.h */,
				11DCCE811A2D6D3300D3DD49 /* Teacher.m */,
			);
			path = NeiCun;
			sourceTree = "<group>";
		};
/* End PBXGroup section */

/* Begin PBXNativeTarget section */
		11DCCE721A2D6CEA00D3DD49 /* NeiCun */ = {
			isa = PBXNativeTarget;
			buildConfigurationList = 11DCCE7A1A2D6CEA00D3DD49 /* Build configuration list for PBXNativeTarget "NeiCun" */;
			buildPhases = (
				11DCCE6F1A2D6CEA00D3DD49 /* Sources */,
				11DCCE701A2D6CEA00D3DD49 /* Frameworks */,
				11DCCE711A2D6CEA00D3DD49 /* CopyFiles */,
			);
			buildRules = (
			);
			dependencies = (
			);
			name = NeiCun;
			productName = NeiCun;
			productReference = 11DCCE731A2D6CEA00D3DD49 /* NeiCun */;
			productType = "com.apple.product-type.tool";
		};
/* End PBXNativeTarget section */

/* Begin PBXProject section */
		11DCCE6B1A2D6CEA00D3DD49 /* Project object */ = {
			isa = PBXProject;
			attributes = {
				LastUpgradeCheck = 0610;
				ORGANIZATIONNAME = yan;
				TargetAttributes = {
					11DCCE721A2D6CEA00D3DD49 = {
						CreatedOnToolsVersion = 6.1;
					};
				};
			};
			buildConfigurationList = 11DCCE6E1A2D6CEA00D3DD49 /* Build configuration list for PBXProject "NeiCun" */;
			compatibilityVersion = "Xcode 3.2";
			developmentRegion = English;
			hasScannedForEncodings = 0;
			knownRegions = (
				en,
			);
			mainGroup = 11DCCE6A1A2D6CEA00D3DD49;
			productRefGroup = 11DCCE741A2D6CEA00D3DD49 /* Products */;
			projectDirPath = "";
			projectRoot = "";
			targets = (
				11DCCE721A2D6CEA00D3DD49 /* NeiCun */,
			);
		};
/* End PBXProject section */

/* Begin PBXSourcesBuildPhase section */
		11DCCE6F1A2D6CEA00D3DD49 /* Sources */ = {
			isa = PBXSourcesBuildPhase;
			buildActionMask = 2147483647;
			files = (
				11DCCE821A2D6D3300D3DD49 /* Teacher.m in Sources */,
				11DCCE771A2D6CEA00D3DD49 /* main.m in Sources */,
				11DCCE7F1A2D6D2900D3DD49 /* Student.m in Sources */,
			);
			runOnlyForDeploymentPostprocessing = 0;
		};
/* End PBXSourcesBuildPhase section */

/* Begin XCBuildConfiguration section */
		11DCCE781A2D6CEA00D3DD49 /* Debug */ = {
			isa = XCBuildConfiguration;
			buildSettings = {
				ALWAYS_SEARCH_USER_PATHS = NO;
				CLANG_CXX_LANGUAGE_STANDARD = "gnu++0x";
				CLANG_CXX_LIBRARY = "libc++";
				CLANG_ENABLE_MODULES = YES;
				CLANG_ENABLE_OBJC_ARC = YES;
				CLANG_WARN_BOOL_CONVERSION = YES;
				CLANG_WARN_CONSTANT_CONVERSION = YES;
				CLANG_WARN_DIRECT_OBJC_ISA_USAGE = YES_ERROR;
				CLANG_WARN_EMPTY_BODY = YES;
				CLANG_WARN_ENUM_CONVERSION = YES;
				CLANG_WARN_INT_CONVERSION = YES;
				CLANG_WARN_OBJC_ROOT_CLASS = YES_ERROR;
				CLANG_WARN_UNREACHABLE_CODE = YES;
				CLANG_WARN__DUPLICATE_METHOD_MATCH = YES;
				COPY_PHASE_STRIP = NO;
				ENABLE_STRICT_OBJC_MSGSEND = YES;
				GCC_C_LANGUAGE_STANDARD = gnu99;
				GCC_DYNAMIC_NO_PIC = NO;
				GCC_OPTIMIZATION_LEVEL = 0;
				GCC_PREPROCESSOR_DEFINITIONS = (
					"DEBUG=1",
					"$(inherited)",
				);
				GCC_SYMBOLS_PRIVATE_EXTERN = NO;
				GCC_WARN_64_TO_32_BIT_CONVERSION = YES;
				GCC_WARN_ABOUT_RETURN_TYPE = YES_ERROR;
				GCC_WARN_UNDECLARED_SELECTOR = YES;
				GCC_WARN_UNINITIALIZED_AUTOS = YES_AGGRESSIVE;
				GCC_WARN_UNUSED_FUNCTION = YES;
				GCC_WARN_UNUSED_VARIABLE = YES;
				MACOSX_DEPLOYMENT_TARGET = 10.10;
				MTL_ENABLE_DEBUG_INFO = YES;
				ONLY_ACTIVE_ARCH = YES;
				SDKROOT = macosx;
			};
			name = Debug;
		};
		11DCCE791A2D6CEA00D3DD49 /* Release */ = {
			isa = XCBuildConfiguration;
			buildSettings = {
				ALWAYS_SEARCH_USER_PATHS = NO;
				CLANG_CXX_LANGUAGE_STANDARD = "gnu++0x";
				CLANG_CXX_LIBRARY = "libc++";
				CLANG_ENABLE_MODULES = YES;
				CLANG_ENABLE_OBJC_ARC = YES;
				CLANG_WARN_BOOL_CONVERSION = YES;
				CLANG_WARN_CONSTANT_CONVERSION = YES;
				CLANG_WARN_DIRECT_OBJC_ISA_USAGE = YES_ERROR;
				CLANG_WARN_EMPTY_BODY = YES;
				CLANG_WARN_ENUM_CONVERSION = YES;
				CLANG_WARN_INT_CONVERSION = YES;
				CLANG_WARN_OBJC_ROOT_CLASS = YES_ERROR;
				CLANG_WARN_UNREACHABLE_CODE = YES;
				CLANG_WARN__DUPLICATE_METHOD_MATCH = YES;
				COPY_PHASE_STRIP = YES;
				DEBUG_INFORMATION_FORMAT = "dwarf-with-dsym";
				ENABLE_NS_ASSERTIONS = NO;
				ENABLE_STRICT_OBJC_MSGSEND = YES;
				GCC_C_LANGUAGE_STANDARD = gnu99;
				GCC_WARN_64_TO_32_BIT_CONVERSION = YES;
				GCC_WARN_ABOUT_RETURN_TYPE = YES_ERROR;
				GCC_WARN_UNDECLARED_SELECTOR = YES;
				GCC_WARN_UNINITIALIZED_AUTOS = YES_AGGRESSIVE;
				GCC_WARN_UNUSED_FUNCTION = YES;
				GCC_WARN_UNUSED_VARIABLE = YES;
				MACOSX_DEPLOYMENT_TARGET = 10.10;
				MTL_ENABLE_DEBUG_INFO = NO;
				SDKROOT = macosx;
			};
			name = Release;
		};
		11DCCE7B1A2D6CEA00D3DD49 /* Debug */ = {
			isa = XCBuildConfiguration;
			buildSettings = {
				PRODUCT_NAME = "$(TARGET_NAME)";
			};
			name = Debug;
		};
		11DCCE7C1A2D6CEA00D3DD49 /* Release */ = {
			isa = XCBuildConfiguration;
			buildSettings = {
				PRODUCT_NAME = "$(TARGET_NAME)";
			};
			name = Release;
		};
/* End XCBuildConfiguration section */

/* Begin XCConfigurationList section */
		11DCCE6E1A2D6CEA00D3DD49 /* Build configuration list for PBXProject "NeiCun" */ = {
			isa = XCConfigurationList;
			buildConfigurations = (
				11DCCE781A2D6CEA00D3DD49 /* Debug */,
				11DCCE791A2D6CEA00D3DD49 /* Release */,
			);
			defaultConfigurationIsVisible = 0;
			defaultConfigurationName = Release;
		};
		11DCCE7A1A2D6CEA00D3DD49 /* Build configuration list for PBXNativeTarget "NeiCun" */ = {
			isa = XCConfigurationList;
			buildConfigurations = (
				11DCCE7B1A2D6CEA00D3DD49 /* Debug */,
				11DCCE7C1A2D6CEA00D3DD49 /* Release */,
			);
			defaultConfigurationIsVisible = 0;
		};
/* End XCConfigurationList section */
	};
	rootObject = 11DCCE6B1A2D6CEA00D3DD49 /* Project object */;
}
