// !$*UTF8*$!
{
	archiveVersion = 1;
	classes = {
	};
	objectVersion = 46;
	objects = {

/* Begin PBXBuildFile section */
		11787E871A5E1D1300AAA4BF /* main.m in Sources */ = {isa = PBXBuildFile; fileRef = 11787E861A5E1D1300AAA4BF /* main.m */; };
		11787E8A1A5E1D1300AAA4BF /* AppDelegate.m in Sources */ = {isa = PBXBuildFile; fileRef = 11787E891A5E1D1300AAA4BF /* AppDelegate.m */; };
		11787E8D1A5E1D1300AAA4BF /* ViewController.m in Sources */ = {isa = PBXBuildFile; fileRef = 11787E8C1A5E1D1300AAA4BF /* ViewController.m */; };
		11787E901A5E1D1300AAA4BF /* Main.storyboard in Resources */ = {isa = PBXBuildFile; fileRef = 11787E8E1A5E1D1300AAA4BF /* Main.storyboard */; };
		11787E921A5E1D1300AAA4BF /* Images.xcassets in Resources */ = {isa = PBXBuildFile; fileRef = 11787E911A5E1D1300AAA4BF /* Images.xcassets */; };
		11787E951A5E1D1300AAA4BF /* LaunchScreen.xib in Resources */ = {isa = PBXBuildFile; fileRef = 11787E931A5E1D1300AAA4BF /* LaunchScreen.xib */; };
		11787EA11A5E1D1300AAA4BF /* ____JASN___Tests.m in Sources */ = {isa = PBXBuildFile; fileRef = 11787EA01A5E1D1300AAA4BF /* ____JASN___Tests.m */; };
		11787EAC1A5E1D4A00AAA4BF /* person.json in Resources */ = {isa = PBXBuildFile; fileRef = 11787EAA1A5E1D4A00AAA4BF /* person.json */; };
		11787EAD1A5E1D4A00AAA4BF /* students.json in Resources */ = {isa = PBXBuildFile; fileRef = 11787EAB1A5E1D4A00AAA4BF /* students.json */; };
/* End PBXBuildFile section */

/* Begin PBXContainerItemProxy section */
		11787E9B1A5E1D1300AAA4BF /* PBXContainerItemProxy */ = {
			isa = PBXContainerItemProxy;
			containerPortal = 11787E791A5E1D1300AAA4BF /* Project object */;
			proxyType = 1;
			remoteGlobalIDString = 11787E801A5E1D1300AAA4BF;
			remoteInfo = "第八章-JASN-解析";
		};
/* End PBXContainerItemProxy section */

/* Begin PBXFileReference section */
		11787E811A5E1D1300AAA4BF /* 第八章-JASN-解析.app */ = {isa = PBXFileReference; explicitFileType = wrapper.application; includeInIndex = 0; path = "第八章-JASN-解析.app"; sourceTree = BUILT_PRODUCTS_DIR; };
		11787E851A5E1D1300AAA4BF /* Info.plist */ = {isa = PBXFileReference; lastKnownFileType = text.plist.xml; path = Info.plist; sourceTree = "<group>"; };
		11787E861A5E1D1300AAA4BF /* main.m */ = {isa = PBXFileReference; lastKnownFileType = sourcecode.c.objc; path = main.m; sourceTree = "<group>"; };
		11787E881A5E1D1300AAA4BF /* AppDelegate.h */ = {isa = PBXFileReference; lastKnownFileType = sourcecode.c.h; path = AppDelegate.h; sourceTree = "<group>"; };
		11787E891A5E1D1300AAA4BF /* AppDelegate.m */ = {isa = PBXFileReference; lastKnownFileType = sourcecode.c.objc; path = AppDelegate.m; sourceTree = "<group>"; };
		11787E8B1A5E1D1300AAA4BF /* ViewController.h */ = {isa = PBXFileReference; lastKnownFileType = sourcecode.c.h; path = ViewController.h; sourceTree = "<group>"; };
		11787E8C1A5E1D1300AAA4BF /* ViewController.m */ = {isa = PBXFileReference; lastKnownFileType = sourcecode.c.objc; path = ViewController.m; sourceTree = "<group>"; };
		11787E8F1A5E1D1300AAA4BF /* Base */ = {isa = PBXFileReference; lastKnownFileType = file.storyboard; name = Base; path = Base.lproj/Main.storyboard; sourceTree = "<group>"; };
		11787E911A5E1D1300AAA4BF /* Images.xcassets */ = {isa = PBXFileReference; lastKnownFileType = folder.assetcatalog; path = Images.xcassets; sourceTree = "<group>"; };
		11787E941A5E1D1300AAA4BF /* Base */ = {isa = PBXFileReference; lastKnownFileType = file.xib; name = Base; path = Base.lproj/LaunchScreen.xib; sourceTree = "<group>"; };
		11787E9A1A5E1D1300AAA4BF /* 第八章-JASN-解析Tests.xctest */ = {isa = PBXFileReference; explicitFileType = wrapper.cfbundle; includeInIndex = 0; path = "第八章-JASN-解析Tests.xctest"; sourceTree = BUILT_PRODUCTS_DIR; };
		11787E9F1A5E1D1300AAA4BF /* Info.plist */ = {isa = PBXFileReference; lastKnownFileType = text.plist.xml; path = Info.plist; sourceTree = "<group>"; };
		11787EA01A5E1D1300AAA4BF /* ____JASN___Tests.m */ = {isa = PBXFileReference; lastKnownFileType = sourcecode.c.objc; path = "____JASN___Tests.m"; sourceTree = "<group>"; };
		11787EAA1A5E1D4A00AAA4BF /* person.json */ = {isa = PBXFileReference; fileEncoding = 4; lastKnownFileType = text.json; path = person.json; sourceTree = "<group>"; };
		11787EAB1A5E1D4A00AAA4BF /* students.json */ = {isa = PBXFileReference; fileEncoding = 4; lastKnownFileType = text.json; path = students.json; sourceTree = "<group>"; };
/* End PBXFileReference section */

/* Begin PBXFrameworksBuildPhase section */
		11787E7E1A5E1D1300AAA4BF /* Frameworks */ = {
			isa = PBXFrameworksBuildPhase;
			buildActionMask = 2147483647;
			files = (
			);
			runOnlyForDeploymentPostprocessing = 0;
		};
		11787E971A5E1D1300AAA4BF /* Frameworks */ = {
			isa = PBXFrameworksBuildPhase;
			buildActionMask = 2147483647;
			files = (
			);
			runOnlyForDeploymentPostprocessing = 0;
		};
/* End PBXFrameworksBuildPhase section */

/* Begin PBXGroup section */
		11787E781A5E1D1300AAA4BF = {
			isa = PBXGroup;
			children = (
				11787E831A5E1D1300AAA4BF /* 第八章-JASN-解析 */,
				11787E9D1A5E1D1300AAA4BF /* 第八章-JASN-解析Tests */,
				11787E821A5E1D1300AAA4BF /* Products */,
			);
			sourceTree = "<group>";
		};
		11787E821A5E1D1300AAA4BF /* Products */ = {
			isa = PBXGroup;
			children = (
				11787E811A5E1D1300AAA4BF /* 第八章-JASN-解析.app */,
				11787E9A1A5E1D1300AAA4BF /* 第八章-JASN-解析Tests.xctest */,
			);
			name = Products;
			sourceTree = "<group>";
		};
		11787E831A5E1D1300AAA4BF /* 第八章-JASN-解析 */ = {
			isa = PBXGroup;
			children = (
				11787E881A5E1D1300AAA4BF /* AppDelegate.h */,
				11787E891A5E1D1300AAA4BF /* AppDelegate.m */,
				11787E8B1A5E1D1300AAA4BF /* ViewController.h */,
				11787E8C1A5E1D1300AAA4BF /* ViewController.m */,
				11787E8E1A5E1D1300AAA4BF /* Main.storyboard */,
				11787E911A5E1D1300AAA4BF /* Images.xcassets */,
				11787E931A5E1D1300AAA4BF /* LaunchScreen.xib */,
				11787E841A5E1D1300AAA4BF /* Supporting Files */,
			);
			path = "第八章-JASN-解析";
			sourceTree = "<group>";
		};
		11787E841A5E1D1300AAA4BF /* Supporting Files */ = {
			isa = PBXGroup;
			children = (
				11787EAA1A5E1D4A00AAA4BF /* person.json */,
				11787EAB1A5E1D4A00AAA4BF /* students.json */,
				11787E851A5E1D1300AAA4BF /* Info.plist */,
				11787E861A5E1D1300AAA4BF /* main.m */,
			);
			name = "Supporting Files";
			sourceTree = "<group>";
		};
		11787E9D1A5E1D1300AAA4BF /* 第八章-JASN-解析Tests */ = {
			isa = PBXGroup;
			children = (
				11787EA01A5E1D1300AAA4BF /* ____JASN___Tests.m */,
				11787E9E1A5E1D1300AAA4BF /* Supporting Files */,
			);
			path = "第八章-JASN-解析Tests";
			sourceTree = "<group>";
		};
		11787E9E1A5E1D1300AAA4BF /* Supporting Files */ = {
			isa = PBXGroup;
			children = (
				11787E9F1A5E1D1300AAA4BF /* Info.plist */,
			);
			name = "Supporting Files";
			sourceTree = "<group>";
		};
/* End PBXGroup section */

/* Begin PBXNativeTarget section */
		11787E801A5E1D1300AAA4BF /* 第八章-JASN-解析 */ = {
			isa = PBXNativeTarget;
			buildConfigurationList = 11787EA41A5E1D1300AAA4BF /* Build configuration list for PBXNativeTarget "第八章-JASN-解析" */;
			buildPhases = (
				11787E7D1A5E1D1300AAA4BF /* Sources */,
				11787E7E1A5E1D1300AAA4BF /* Frameworks */,
				11787E7F1A5E1D1300AAA4BF /* Resources */,
			);
			buildRules = (
			);
			dependencies = (
			);
			name = "第八章-JASN-解析";
			productName = "第八章-JASN-解析";
			productReference = 11787E811A5E1D1300AAA4BF /* 第八章-JASN-解析.app */;
			productType = "com.apple.product-type.application";
		};
		11787E991A5E1D1300AAA4BF /* 第八章-JASN-解析Tests */ = {
			isa = PBXNativeTarget;
			buildConfigurationList = 11787EA71A5E1D1300AAA4BF /* Build configuration list for PBXNativeTarget "第八章-JASN-解析Tests" */;
			buildPhases = (
				11787E961A5E1D1300AAA4BF /* Sources */,
				11787E971A5E1D1300AAA4BF /* Frameworks */,
				11787E981A5E1D1300AAA4BF /* Resources */,
			);
			buildRules = (
			);
			dependencies = (
				11787E9C1A5E1D1300AAA4BF /* PBXTargetDependency */,
			);
			name = "第八章-JASN-解析Tests";
			productName = "第八章-JASN-解析Tests";
			productReference = 11787E9A1A5E1D1300AAA4BF /* 第八章-JASN-解析Tests.xctest */;
			productType = "com.apple.product-type.bundle.unit-test";
		};
/* End PBXNativeTarget section */

/* Begin PBXProject section */
		11787E791A5E1D1300AAA4BF /* Project object */ = {
			isa = PBXProject;
			attributes = {
				LastUpgradeCheck = 0610;
				ORGANIZATIONNAME = yan;
				TargetAttributes = {
					11787E801A5E1D1300AAA4BF = {
						CreatedOnToolsVersion = 6.1;
					};
					11787E991A5E1D1300AAA4BF = {
						CreatedOnToolsVersion = 6.1;
						TestTargetID = 11787E801A5E1D1300AAA4BF;
					};
				};
			};
			buildConfigurationList = 11787E7C1A5E1D1300AAA4BF /* Build configuration list for PBXProject "第八章-JASN-解析" */;
			compatibilityVersion = "Xcode 3.2";
			developmentRegion = English;
			hasScannedForEncodings = 0;
			knownRegions = (
				en,
				Base,
			);
			mainGroup = 11787E781A5E1D1300AAA4BF;
			productRefGroup = 11787E821A5E1D1300AAA4BF /* Products */;
			projectDirPath = "";
			projectRoot = "";
			targets = (
				11787E801A5E1D1300AAA4BF /* 第八章-JASN-解析 */,
				11787E991A5E1D1300AAA4BF /* 第八章-JASN-解析Tests */,
			);
		};
/* End PBXProject section */

/* Begin PBXResourcesBuildPhase section */
		11787E7F1A5E1D1300AAA4BF /* Resources */ = {
			isa = PBXResourcesBuildPhase;
			buildActionMask = 2147483647;
			files = (
				11787E901A5E1D1300AAA4BF /* Main.storyboard in Resources */,
				11787EAD1A5E1D4A00AAA4BF /* students.json in Resources */,
				11787E951A5E1D1300AAA4BF /* LaunchScreen.xib in Resources */,
				11787EAC1A5E1D4A00AAA4BF /* person.json in Resources */,
				11787E921A5E1D1300AAA4BF /* Images.xcassets in Resources */,
			);
			runOnlyForDeploymentPostprocessing = 0;
		};
		11787E981A5E1D1300AAA4BF /* Resources */ = {
			isa = PBXResourcesBuildPhase;
			buildActionMask = 2147483647;
			files = (
			);
			runOnlyForDeploymentPostprocessing = 0;
		};
/* End PBXResourcesBuildPhase section */

/* Begin PBXSourcesBuildPhase section */
		11787E7D1A5E1D1300AAA4BF /* Sources */ = {
			isa = PBXSourcesBuildPhase;
			buildActionMask = 2147483647;
			files = (
				11787E8D1A5E1D1300AAA4BF /* ViewController.m in Sources */,
				11787E8A1A5E1D1300AAA4BF /* AppDelegate.m in Sources */,
				11787E871A5E1D1300AAA4BF /* main.m in Sources */,
			);
			runOnlyForDeploymentPostprocessing = 0;
		};
		11787E961A5E1D1300AAA4BF /* Sources */ = {
			isa = PBXSourcesBuildPhase;
			buildActionMask = 2147483647;
			files = (
				11787EA11A5E1D1300AAA4BF /* ____JASN___Tests.m in Sources */,
			);
			runOnlyForDeploymentPostprocessing = 0;
		};
/* End PBXSourcesBuildPhase section */

/* Begin PBXTargetDependency section */
		11787E9C1A5E1D1300AAA4BF /* PBXTargetDependency */ = {
			isa = PBXTargetDependency;
			target = 11787E801A5E1D1300AAA4BF /* 第八章-JASN-解析 */;
			targetProxy = 11787E9B1A5E1D1300AAA4BF /* PBXContainerItemProxy */;
		};
/* End PBXTargetDependency section */

/* Begin PBXVariantGroup section */
		11787E8E1A5E1D1300AAA4BF /* Main.storyboard */ = {
			isa = PBXVariantGroup;
			children = (
				11787E8F1A5E1D1300AAA4BF /* Base */,
			);
			name = Main.storyboard;
			sourceTree = "<group>";
		};
		11787E931A5E1D1300AAA4BF /* LaunchScreen.xib */ = {
			isa = PBXVariantGroup;
			children = (
				11787E941A5E1D1300AAA4BF /* Base */,
			);
			name = LaunchScreen.xib;
			sourceTree = "<group>";
		};
/* End PBXVariantGroup section */

/* Begin XCBuildConfiguration section */
		11787EA21A5E1D1300AAA4BF /* Debug */ = {
			isa = XCBuildConfiguration;
			buildSettings = {
				ALWAYS_SEARCH_USER_PATHS = NO;
				CLANG_CXX_LANGUAGE_STANDARD = "gnu++0x";
				CLANG_CXX_LIBRARY = "libc++";
				CLANG_ENABLE_MODULES = YES;
				CLANG_ENABLE_OBJC_ARC = YES;
				CLANG_WARN_BOOL_CONVERSION = YES;
				CLANG_WARN_CONSTANT_CONVERSION = YES;
				CLANG_WARN_DIRECT_OBJC_ISA_USAGE = YES_ERROR;
				CLANG_WARN_EMPTY_BODY = YES;
				CLANG_WARN_ENUM_CONVERSION = YES;
				CLANG_WARN_INT_CONVERSION = YES;
				CLANG_WARN_OBJC_ROOT_CLASS = YES_ERROR;
				CLANG_WARN_UNREACHABLE_CODE = YES;
				CLANG_WARN__DUPLICATE_METHOD_MATCH = YES;
				"CODE_SIGN_IDENTITY[sdk=iphoneos*]" = "iPhone Developer";
				COPY_PHASE_STRIP = NO;
				ENABLE_STRICT_OBJC_MSGSEND = YES;
				GCC_C_LANGUAGE_STANDARD = gnu99;
				GCC_DYNAMIC_NO_PIC = NO;
				GCC_OPTIMIZATION_LEVEL = 0;
				GCC_PREPROCESSOR_DEFINITIONS = (
					"DEBUG=1",
					"$(inherited)",
				);
				GCC_SYMBOLS_PRIVATE_EXTERN = NO;
				GCC_WARN_64_TO_32_BIT_CONVERSION = YES;
				GCC_WARN_ABOUT_RETURN_TYPE = YES_ERROR;
				GCC_WARN_UNDECLARED_SELECTOR = YES;
				GCC_WARN_UNINITIALIZED_AUTOS = YES_AGGRESSIVE;
				GCC_WARN_UNUSED_FUNCTION = YES;
				GCC_WARN_UNUSED_VARIABLE = YES;
				IPHONEOS_DEPLOYMENT_TARGET = 8.1;
				MTL_ENABLE_DEBUG_INFO = YES;
				ONLY_ACTIVE_ARCH = YES;
				SDKROOT = iphoneos;
			};
			name = Debug;
		};
		11787EA31A5E1D1300AAA4BF /* Release */ = {
			isa = XCBuildConfiguration;
			buildSettings = {
				ALWAYS_SEARCH_USER_PATHS = NO;
				CLANG_CXX_LANGUAGE_STANDARD = "gnu++0x";
				CLANG_CXX_LIBRARY = "libc++";
				CLANG_ENABLE_MODULES = YES;
				CLANG_ENABLE_OBJC_ARC = YES;
				CLANG_WARN_BOOL_CONVERSION = YES;
				CLANG_WARN_CONSTANT_CONVERSION = YES;
				CLANG_WARN_DIRECT_OBJC_ISA_USAGE = YES_ERROR;
				CLANG_WARN_EMPTY_BODY = YES;
				CLANG_WARN_ENUM_CONVERSION = YES;
				CLANG_WARN_INT_CONVERSION = YES;
				CLANG_WARN_OBJC_ROOT_CLASS = YES_ERROR;
				CLANG_WARN_UNREACHABLE_CODE = YES;
				CLANG_WARN__DUPLICATE_METHOD_MATCH = YES;
				"CODE_SIGN_IDENTITY[sdk=iphoneos*]" = "iPhone Developer";
				COPY_PHASE_STRIP = YES;
				ENABLE_NS_ASSERTIONS = NO;
				ENABLE_STRICT_OBJC_MSGSEND = YES;
				GCC_C_LANGUAGE_STANDARD = gnu99;
				GCC_WARN_64_TO_32_BIT_CONVERSION = YES;
				GCC_WARN_ABOUT_RETURN_TYPE = YES_ERROR;
				GCC_WARN_UNDECLARED_SELECTOR = YES;
				GCC_WARN_UNINITIALIZED_AUTOS = YES_AGGRESSIVE;
				GCC_WARN_UNUSED_FUNCTION = YES;
				GCC_WARN_UNUSED_VARIABLE = YES;
				IPHONEOS_DEPLOYMENT_TARGET = 8.1;
				MTL_ENABLE_DEBUG_INFO = NO;
				SDKROOT = iphoneos;
				VALIDATE_PRODUCT = YES;
			};
			name = Release;
		};
		11787EA51A5E1D1300AAA4BF /* Debug */ = {
			isa = XCBuildConfiguration;
			buildSettings = {
				ASSETCATALOG_COMPILER_APPICON_NAME = AppIcon;
				INFOPLIST_FILE = "第八章-JASN-解析/Info.plist";
				LD_RUNPATH_SEARCH_PATHS = "$(inherited) @executable_path/Frameworks";
				PRODUCT_NAME = "$(TARGET_NAME)";
			};
			name = Debug;
		};
		11787EA61A5E1D1300AAA4BF /* Release */ = {
			isa = XCBuildConfiguration;
			buildSettings = {
				ASSETCATALOG_COMPILER_APPICON_NAME = AppIcon;
				INFOPLIST_FILE = "第八章-JASN-解析/Info.plist";
				LD_RUNPATH_SEARCH_PATHS = "$(inherited) @executable_path/Frameworks";
				PRODUCT_NAME = "$(TARGET_NAME)";
			};
			name = Release;
		};
		11787EA81A5E1D1300AAA4BF /* Debug */ = {
			isa = XCBuildConfiguration;
			buildSettings = {
				BUNDLE_LOADER = "$(TEST_HOST)";
				FRAMEWORK_SEARCH_PATHS = (
					"$(SDKROOT)/Developer/Library/Frameworks",
					"$(inherited)",
				);
				GCC_PREPROCESSOR_DEFINITIONS = (
					"DEBUG=1",
					"$(inherited)",
				);
				INFOPLIST_FILE = "第八章-JASN-解析Tests/Info.plist";
				LD_RUNPATH_SEARCH_PATHS = "$(inherited) @executable_path/Frameworks @loader_path/Frameworks";
				PRODUCT_NAME = "$(TARGET_NAME)";
				TEST_HOST = "$(BUILT_PRODUCTS_DIR)/第八章-JASN-解析.app/第八章-JASN-解析";
			};
			name = Debug;
		};
		11787EA91A5E1D1300AAA4BF /* Release */ = {
			isa = XCBuildConfiguration;
			buildSettings = {
				BUNDLE_LOADER = "$(TEST_HOST)";
				FRAMEWORK_SEARCH_PATHS = (
					"$(SDKROOT)/Developer/Library/Frameworks",
					"$(inherited)",
				);
				INFOPLIST_FILE = "第八章-JASN-解析Tests/Info.plist";
				LD_RUNPATH_SEARCH_PATHS = "$(inherited) @executable_path/Frameworks @loader_path/Frameworks";
				PRODUCT_NAME = "$(TARGET_NAME)";
				TEST_HOST = "$(BUILT_PRODUCTS_DIR)/第八章-JASN-解析.app/第八章-JASN-解析";
			};
			name = Release;
		};
/* End XCBuildConfiguration section */

/* Begin XCConfigurationList section */
		11787E7C1A5E1D1300AAA4BF /* Build configuration list for PBXProject "第八章-JASN-解析" */ = {
			isa = XCConfigurationList;
			buildConfigurations = (
				11787EA21A5E1D1300AAA4BF /* Debug */,
				11787EA31A5E1D1300AAA4BF /* Release */,
			);
			defaultConfigurationIsVisible = 0;
			defaultConfigurationName = Release;
		};
		11787EA41A5E1D1300AAA4BF /* Build configuration list for PBXNativeTarget "第八章-JASN-解析" */ = {
			isa = XCConfigurationList;
			buildConfigurations = (
				11787EA51A5E1D1300AAA4BF /* Debug */,
				11787EA61A5E1D1300AAA4BF /* Release */,
			);
			defaultConfigurationIsVisible = 0;
		};
		11787EA71A5E1D1300AAA4BF /* Build configuration list for PBXNativeTarget "第八章-JASN-解析Tests" */ = {
			isa = XCConfigurationList;
			buildConfigurations = (
				11787EA81A5E1D1300AAA4BF /* Debug */,
				11787EA91A5E1D1300AAA4BF /* Release */,
			);
			defaultConfigurationIsVisible = 0;
		};
/* End XCConfigurationList section */
	};
	rootObject = 11787E791A5E1D1300AAA4BF /* Project object */;
}
