// !$*UTF8*$!
{
	archiveVersion = 1;
	classes = {
	};
	objectVersion = 46;
	objects = {

/* Begin PBXBuildFile section */
		1190DE881A6CE313001FFD72 /* main.m in Sources */ = {isa = PBXBuildFile; fileRef = 1190DE871A6CE313001FFD72 /* main.m */; };
		1190DE8B1A6CE313001FFD72 /* AppDelegate.m in Sources */ = {isa = PBXBuildFile; fileRef = 1190DE8A1A6CE313001FFD72 /* AppDelegate.m */; };
		1190DE8E1A6CE313001FFD72 /* UI_Test.xcdatamodeld in Sources */ = {isa = PBXBuildFile; fileRef = 1190DE8C1A6CE313001FFD72 /* UI_Test.xcdatamodeld */; };
		1190DE941A6CE313001FFD72 /* Main.storyboard in Resources */ = {isa = PBXBuildFile; fileRef = 1190DE921A6CE313001FFD72 /* Main.storyboard */; };
		1190DE961A6CE313001FFD72 /* Images.xcassets in Resources */ = {isa = PBXBuildFile; fileRef = 1190DE951A6CE313001FFD72 /* Images.xcassets */; };
		1190DE991A6CE313001FFD72 /* LaunchScreen.xib in Resources */ = {isa = PBXBuildFile; fileRef = 1190DE971A6CE313001FFD72 /* LaunchScreen.xib */; };
		1190DEA51A6CE313001FFD72 /* UI_TestTests.m in Sources */ = {isa = PBXBuildFile; fileRef = 1190DEA41A6CE313001FFD72 /* UI_TestTests.m */; };
		1190DEB01A6CE325001FFD72 /* CountryViewController.m in Sources */ = {isa = PBXBuildFile; fileRef = 1190DEAF1A6CE325001FFD72 /* CountryViewController.m */; };
		1190DEB31A6CF1B2001FFD72 /* ProvincesViewController.m in Sources */ = {isa = PBXBuildFile; fileRef = 1190DEB21A6CF1B2001FFD72 /* ProvincesViewController.m */; };
		1190DEB61A6CF1BC001FFD72 /* CitiesViewController.m in Sources */ = {isa = PBXBuildFile; fileRef = 1190DEB51A6CF1BC001FFD72 /* CitiesViewController.m */; };
		1190DF281A6DEA0F001FFD72 /* AFHTTPRequestOperation.m in Sources */ = {isa = PBXBuildFile; fileRef = 1190DF161A6DEA0F001FFD72 /* AFHTTPRequestOperation.m */; };
		1190DF291A6DEA0F001FFD72 /* AFHTTPRequestOperationManager.m in Sources */ = {isa = PBXBuildFile; fileRef = 1190DF181A6DEA0F001FFD72 /* AFHTTPRequestOperationManager.m */; };
		1190DF2A1A6DEA0F001FFD72 /* AFHTTPSessionManager.m in Sources */ = {isa = PBXBuildFile; fileRef = 1190DF1A1A6DEA0F001FFD72 /* AFHTTPSessionManager.m */; };
		1190DF2B1A6DEA0F001FFD72 /* AFNetworkReachabilityManager.m in Sources */ = {isa = PBXBuildFile; fileRef = 1190DF1D1A6DEA0F001FFD72 /* AFNetworkReachabilityManager.m */; };
		1190DF2C1A6DEA0F001FFD72 /* AFSecurityPolicy.m in Sources */ = {isa = PBXBuildFile; fileRef = 1190DF1F1A6DEA0F001FFD72 /* AFSecurityPolicy.m */; };
		1190DF2D1A6DEA0F001FFD72 /* AFURLConnectionOperation.m in Sources */ = {isa = PBXBuildFile; fileRef = 1190DF211A6DEA0F001FFD72 /* AFURLConnectionOperation.m */; };
		1190DF2E1A6DEA0F001FFD72 /* AFURLRequestSerialization.m in Sources */ = {isa = PBXBuildFile; fileRef = 1190DF231A6DEA0F001FFD72 /* AFURLRequestSerialization.m */; };
		1190DF2F1A6DEA0F001FFD72 /* AFURLResponseSerialization.m in Sources */ = {isa = PBXBuildFile; fileRef = 1190DF251A6DEA0F001FFD72 /* AFURLResponseSerialization.m */; };
		1190DF301A6DEA0F001FFD72 /* AFURLSessionManager.m in Sources */ = {isa = PBXBuildFile; fileRef = 1190DF271A6DEA0F001FFD72 /* AFURLSessionManager.m */; };
		1190DF4A1A6DEF21001FFD72 /* LICENSE in Resources */ = {isa = PBXBuildFile; fileRef = 1190DF321A6DEF21001FFD72 /* LICENSE */; };
		1190DF4B1A6DEF21001FFD72 /* README.md in Sources */ = {isa = PBXBuildFile; fileRef = 1190DF331A6DEF21001FFD72 /* README.md */; };
		1190DF4C1A6DEF21001FFD72 /* MMHud.m in Sources */ = {isa = PBXBuildFile; fileRef = 1190DF361A6DEF21001FFD72 /* MMHud.m */; };
		1190DF4D1A6DEF21001FFD72 /* MMLinearProgressView.m in Sources */ = {isa = PBXBuildFile; fileRef = 1190DF381A6DEF21001FFD72 /* MMLinearProgressView.m */; };
		1190DF4E1A6DEF21001FFD72 /* MMProgressHUD+Animations.m in Sources */ = {isa = PBXBuildFile; fileRef = 1190DF3A1A6DEF21001FFD72 /* MMProgressHUD+Animations.m */; };
		1190DF4F1A6DEF21001FFD72 /* MMProgressHUD+Class.m in Sources */ = {isa = PBXBuildFile; fileRef = 1190DF3B1A6DEF21001FFD72 /* MMProgressHUD+Class.m */; };
		1190DF501A6DEF21001FFD72 /* MMProgressHUD.m in Sources */ = {isa = PBXBuildFile; fileRef = 1190DF3D1A6DEF21001FFD72 /* MMProgressHUD.m */; };
		1190DF511A6DEF21001FFD72 /* MMProgressHUDOverlayView.m in Sources */ = {isa = PBXBuildFile; fileRef = 1190DF401A6DEF21001FFD72 /* MMProgressHUDOverlayView.m */; };
		1190DF521A6DEF21001FFD72 /* MMProgressHUDViewController.m in Sources */ = {isa = PBXBuildFile; fileRef = 1190DF421A6DEF21001FFD72 /* MMProgressHUDViewController.m */; };
		1190DF531A6DEF21001FFD72 /* MMProgressHUDWindow.m in Sources */ = {isa = PBXBuildFile; fileRef = 1190DF441A6DEF21001FFD72 /* MMProgressHUDWindow.m */; };
		1190DF541A6DEF21001FFD72 /* MMRadialProgressView.m in Sources */ = {isa = PBXBuildFile; fileRef = 1190DF471A6DEF21001FFD72 /* MMRadialProgressView.m */; };
		1190DF551A6DEF21001FFD72 /* MMVectorImage.m in Sources */ = {isa = PBXBuildFile; fileRef = 1190DF491A6DEF21001FFD72 /* MMVectorImage.m */; };
/* End PBXBuildFile section */

/* Begin PBXContainerItemProxy section */
		1190DE9F1A6CE313001FFD72 /* PBXContainerItemProxy */ = {
			isa = PBXContainerItemProxy;
			containerPortal = 1190DE7A1A6CE313001FFD72 /* Project object */;
			proxyType = 1;
			remoteGlobalIDString = 1190DE811A6CE313001FFD72;
			remoteInfo = "UI-Test";
		};
/* End PBXContainerItemProxy section */

/* Begin PBXFileReference section */
		1190DE821A6CE313001FFD72 /* UI-Test.app */ = {isa = PBXFileReference; explicitFileType = wrapper.application; includeInIndex = 0; path = "UI-Test.app"; sourceTree = BUILT_PRODUCTS_DIR; };
		1190DE861A6CE313001FFD72 /* Info.plist */ = {isa = PBXFileReference; lastKnownFileType = text.plist.xml; path = Info.plist; sourceTree = "<group>"; };
		1190DE871A6CE313001FFD72 /* main.m */ = {isa = PBXFileReference; lastKnownFileType = sourcecode.c.objc; path = main.m; sourceTree = "<group>"; };
		1190DE891A6CE313001FFD72 /* AppDelegate.h */ = {isa = PBXFileReference; lastKnownFileType = sourcecode.c.h; path = AppDelegate.h; sourceTree = "<group>"; };
		1190DE8A1A6CE313001FFD72 /* AppDelegate.m */ = {isa = PBXFileReference; lastKnownFileType = sourcecode.c.objc; path = AppDelegate.m; sourceTree = "<group>"; };
		1190DE8D1A6CE313001FFD72 /* UI_Test.xcdatamodel */ = {isa = PBXFileReference; lastKnownFileType = wrapper.xcdatamodel; path = UI_Test.xcdatamodel; sourceTree = "<group>"; };
		1190DE931A6CE313001FFD72 /* Base */ = {isa = PBXFileReference; lastKnownFileType = file.storyboard; name = Base; path = Base.lproj/Main.storyboard; sourceTree = "<group>"; };
		1190DE951A6CE313001FFD72 /* Images.xcassets */ = {isa = PBXFileReference; lastKnownFileType = folder.assetcatalog; path = Images.xcassets; sourceTree = "<group>"; };
		1190DE981A6CE313001FFD72 /* Base */ = {isa = PBXFileReference; lastKnownFileType = file.xib; name = Base; path = Base.lproj/LaunchScreen.xib; sourceTree = "<group>"; };
		1190DE9E1A6CE313001FFD72 /* UI-TestTests.xctest */ = {isa = PBXFileReference; explicitFileType = wrapper.cfbundle; includeInIndex = 0; path = "UI-TestTests.xctest"; sourceTree = BUILT_PRODUCTS_DIR; };
		1190DEA31A6CE313001FFD72 /* Info.plist */ = {isa = PBXFileReference; lastKnownFileType = text.plist.xml; path = Info.plist; sourceTree = "<group>"; };
		1190DEA41A6CE313001FFD72 /* UI_TestTests.m */ = {isa = PBXFileReference; lastKnownFileType = sourcecode.c.objc; path = UI_TestTests.m; sourceTree = "<group>"; };
		1190DEAE1A6CE325001FFD72 /* CountryViewController.h */ = {isa = PBXFileReference; fileEncoding = 4; lastKnownFileType = sourcecode.c.h; path = CountryViewController.h; sourceTree = "<group>"; };
		1190DEAF1A6CE325001FFD72 /* CountryViewController.m */ = {isa = PBXFileReference; fileEncoding = 4; lastKnownFileType = sourcecode.c.objc; path = CountryViewController.m; sourceTree = "<group>"; };
		1190DEB11A6CF1B2001FFD72 /* ProvincesViewController.h */ = {isa = PBXFileReference; fileEncoding = 4; lastKnownFileType = sourcecode.c.h; path = ProvincesViewController.h; sourceTree = "<group>"; };
		1190DEB21A6CF1B2001FFD72 /* ProvincesViewController.m */ = {isa = PBXFileReference; fileEncoding = 4; lastKnownFileType = sourcecode.c.objc; path = ProvincesViewController.m; sourceTree = "<group>"; };
		1190DEB41A6CF1BC001FFD72 /* CitiesViewController.h */ = {isa = PBXFileReference; fileEncoding = 4; lastKnownFileType = sourcecode.c.h; path = CitiesViewController.h; sourceTree = "<group>"; };
		1190DEB51A6CF1BC001FFD72 /* CitiesViewController.m */ = {isa = PBXFileReference; fileEncoding = 4; lastKnownFileType = sourcecode.c.objc; path = CitiesViewController.m; sourceTree = "<group>"; };
		1190DEB71A6CF652001FFD72 /* MyHeaderFile.h */ = {isa = PBXFileReference; fileEncoding = 4; lastKnownFileType = sourcecode.c.h; path = MyHeaderFile.h; sourceTree = "<group>"; };
		1190DF151A6DEA0F001FFD72 /* AFHTTPRequestOperation.h */ = {isa = PBXFileReference; fileEncoding = 4; lastKnownFileType = sourcecode.c.h; path = AFHTTPRequestOperation.h; sourceTree = "<group>"; };
		1190DF161A6DEA0F001FFD72 /* AFHTTPRequestOperation.m */ = {isa = PBXFileReference; fileEncoding = 4; lastKnownFileType = sourcecode.c.objc; path = AFHTTPRequestOperation.m; sourceTree = "<group>"; };
		1190DF171A6DEA0F001FFD72 /* AFHTTPRequestOperationManager.h */ = {isa = PBXFileReference; fileEncoding = 4; lastKnownFileType = sourcecode.c.h; path = AFHTTPRequestOperationManager.h; sourceTree = "<group>"; };
		1190DF181A6DEA0F001FFD72 /* AFHTTPRequestOperationManager.m */ = {isa = PBXFileReference; fileEncoding = 4; lastKnownFileType = sourcecode.c.objc; path = AFHTTPRequestOperationManager.m; sourceTree = "<group>"; };
		1190DF191A6DEA0F001FFD72 /* AFHTTPSessionManager.h */ = {isa = PBXFileReference; fileEncoding = 4; lastKnownFileType = sourcecode.c.h; path = AFHTTPSessionManager.h; sourceTree = "<group>"; };
		1190DF1A1A6DEA0F001FFD72 /* AFHTTPSessionManager.m */ = {isa = PBXFileReference; fileEncoding = 4; lastKnownFileType = sourcecode.c.objc; path = AFHTTPSessionManager.m; sourceTree = "<group>"; };
		1190DF1B1A6DEA0F001FFD72 /* AFNetworking.h */ = {isa = PBXFileReference; fileEncoding = 4; lastKnownFileType = sourcecode.c.h; path = AFNetworking.h; sourceTree = "<group>"; };
		1190DF1C1A6DEA0F001FFD72 /* AFNetworkReachabilityManager.h */ = {isa = PBXFileReference; fileEncoding = 4; lastKnownFileType = sourcecode.c.h; path = AFNetworkReachabilityManager.h; sourceTree = "<group>"; };
		1190DF1D1A6DEA0F001FFD72 /* AFNetworkReachabilityManager.m */ = {isa = PBXFileReference; fileEncoding = 4; lastKnownFileType = sourcecode.c.objc; path = AFNetworkReachabilityManager.m; sourceTree = "<group>"; };
		1190DF1E1A6DEA0F001FFD72 /* AFSecurityPolicy.h */ = {isa = PBXFileReference; fileEncoding = 4; lastKnownFileType = sourcecode.c.h; path = AFSecurityPolicy.h; sourceTree = "<group>"; };
		1190DF1F1A6DEA0F001FFD72 /* AFSecurityPolicy.m */ = {isa = PBXFileReference; fileEncoding = 4; lastKnownFileType = sourcecode.c.objc; path = AFSecurityPolicy.m; sourceTree = "<group>"; };
		1190DF201A6DEA0F001FFD72 /* AFURLConnectionOperation.h */ = {isa = PBXFileReference; fileEncoding = 4; lastKnownFileType = sourcecode.c.h; path = AFURLConnectionOperation.h; sourceTree = "<group>"; };
		1190DF211A6DEA0F001FFD72 /* AFURLConnectionOperation.m */ = {isa = PBXFileReference; fileEncoding = 4; lastKnownFileType = sourcecode.c.objc; path = AFURLConnectionOperation.m; sourceTree = "<group>"; };
		1190DF221A6DEA0F001FFD72 /* AFURLRequestSerialization.h */ = {isa = PBXFileReference; fileEncoding = 4; lastKnownFileType = sourcecode.c.h; path = AFURLRequestSerialization.h; sourceTree = "<group>"; };
		1190DF231A6DEA0F001FFD72 /* AFURLRequestSerialization.m */ = {isa = PBXFileReference; fileEncoding = 4; lastKnownFileType = sourcecode.c.objc; path = AFURLRequestSerialization.m; sourceTree = "<group>"; };
		1190DF241A6DEA0F001FFD72 /* AFURLResponseSerialization.h */ = {isa = PBXFileReference; fileEncoding = 4; lastKnownFileType = sourcecode.c.h; path = AFURLResponseSerialization.h; sourceTree = "<group>"; };
		1190DF251A6DEA0F001FFD72 /* AFURLResponseSerialization.m */ = {isa = PBXFileReference; fileEncoding = 4; lastKnownFileType = sourcecode.c.objc; path = AFURLResponseSerialization.m; sourceTree = "<group>"; };
		1190DF261A6DEA0F001FFD72 /* AFURLSessionManager.h */ = {isa = PBXFileReference; fileEncoding = 4; lastKnownFileType = sourcecode.c.h; path = AFURLSessionManager.h; sourceTree = "<group>"; };
		1190DF271A6DEA0F001FFD72 /* AFURLSessionManager.m */ = {isa = PBXFileReference; fileEncoding = 4; lastKnownFileType = sourcecode.c.objc; path = AFURLSessionManager.m; sourceTree = "<group>"; };
		1190DF321A6DEF21001FFD72 /* LICENSE */ = {isa = PBXFileReference; fileEncoding = 4; lastKnownFileType = text; path = LICENSE; sourceTree = "<group>"; };
		1190DF331A6DEF21001FFD72 /* README.md */ = {isa = PBXFileReference; fileEncoding = 4; lastKnownFileType = net.daringfireball.markdown; path = README.md; sourceTree = "<group>"; };
		1190DF351A6DEF21001FFD72 /* MMHud.h */ = {isa = PBXFileReference; fileEncoding = 4; lastKnownFileType = sourcecode.c.h; path = MMHud.h; sourceTree = "<group>"; };
		1190DF361A6DEF21001FFD72 /* MMHud.m */ = {isa = PBXFileReference; fileEncoding = 4; lastKnownFileType = sourcecode.c.objc; path = MMHud.m; sourceTree = "<group>"; };
		1190DF371A6DEF21001FFD72 /* MMLinearProgressView.h */ = {isa = PBXFileReference; fileEncoding = 4; lastKnownFileType = sourcecode.c.h; path = MMLinearProgressView.h; sourceTree = "<group>"; };
		1190DF381A6DEF21001FFD72 /* MMLinearProgressView.m */ = {isa = PBXFileReference; fileEncoding = 4; lastKnownFileType = sourcecode.c.objc; path = MMLinearProgressView.m; sourceTree = "<group>"; };
		1190DF391A6DEF21001FFD72 /* MMProgressHUD+Animations.h */ = {isa = PBXFileReference; fileEncoding = 4; lastKnownFileType = sourcecode.c.h; path = "MMProgressHUD+Animations.h"; sourceTree = "<group>"; };
		1190DF3A1A6DEF21001FFD72 /* MMProgressHUD+Animations.m */ = {isa = PBXFileReference; fileEncoding = 4; lastKnownFileType = sourcecode.c.objc; path = "MMProgressHUD+Animations.m"; sourceTree = "<group>"; };
		1190DF3B1A6DEF21001FFD72 /* MMProgressHUD+Class.m */ = {isa = PBXFileReference; fileEncoding = 4; lastKnownFileType = sourcecode.c.objc; path = "MMProgressHUD+Class.m"; sourceTree = "<group>"; };
		1190DF3C1A6DEF21001FFD72 /* MMProgressHUD.h */ = {isa = PBXFileReference; fileEncoding = 4; lastKnownFileType = sourcecode.c.h; path = MMProgressHUD.h; sourceTree = "<group>"; };
		1190DF3D1A6DEF21001FFD72 /* MMProgressHUD.m */ = {isa = PBXFileReference; fileEncoding = 4; lastKnownFileType = sourcecode.c.objc; path = MMProgressHUD.m; sourceTree = "<group>"; };
		1190DF3E1A6DEF21001FFD72 /* MMProgressHUDCommon.h */ = {isa = PBXFileReference; fileEncoding = 4; lastKnownFileType = sourcecode.c.h; path = MMProgressHUDCommon.h; sourceTree = "<group>"; };
		1190DF3F1A6DEF21001FFD72 /* MMProgressHUDOverlayView.h */ = {isa = PBXFileReference; fileEncoding = 4; lastKnownFileType = sourcecode.c.h; path = MMProgressHUDOverlayView.h; sourceTree = "<group>"; };
		1190DF401A6DEF21001FFD72 /* MMProgressHUDOverlayView.m */ = {isa = PBXFileReference; fileEncoding = 4; lastKnownFileType = sourcecode.c.objc; path = MMProgressHUDOverlayView.m; sourceTree = "<group>"; };
		1190DF411A6DEF21001FFD72 /* MMProgressHUDViewController.h */ = {isa = PBXFileReference; fileEncoding = 4; lastKnownFileType = sourcecode.c.h; path = MMProgressHUDViewController.h; sourceTree = "<group>"; };
		1190DF421A6DEF21001FFD72 /* MMProgressHUDViewController.m */ = {isa = PBXFileReference; fileEncoding = 4; lastKnownFileType = sourcecode.c.objc; path = MMProgressHUDViewController.m; sourceTree = "<group>"; };
		1190DF431A6DEF21001FFD72 /* MMProgressHUDWindow.h */ = {isa = PBXFileReference; fileEncoding = 4; lastKnownFileType = sourcecode.c.h; path = MMProgressHUDWindow.h; sourceTree = "<group>"; };
		1190DF441A6DEF21001FFD72 /* MMProgressHUDWindow.m */ = {isa = PBXFileReference; fileEncoding = 4; lastKnownFileType = sourcecode.c.objc; path = MMProgressHUDWindow.m; sourceTree = "<group>"; };
		1190DF451A6DEF21001FFD72 /* MMProgressView-Protocol.h */ = {isa = PBXFileReference; fileEncoding = 4; lastKnownFileType = sourcecode.c.h; path = "MMProgressView-Protocol.h"; sourceTree = "<group>"; };
		1190DF461A6DEF21001FFD72 /* MMRadialProgressView.h */ = {isa = PBXFileReference; fileEncoding = 4; lastKnownFileType = sourcecode.c.h; path = MMRadialProgressView.h; sourceTree = "<group>"; };
		1190DF471A6DEF21001FFD72 /* MMRadialProgressView.m */ = {isa = PBXFileReference; fileEncoding = 4; lastKnownFileType = sourcecode.c.objc; path = MMRadialProgressView.m; sourceTree = "<group>"; };
		1190DF481A6DEF21001FFD72 /* MMVectorImage.h */ = {isa = PBXFileReference; fileEncoding = 4; lastKnownFileType = sourcecode.c.h; path = MMVectorImage.h; sourceTree = "<group>"; };
		1190DF491A6DEF21001FFD72 /* MMVectorImage.m */ = {isa = PBXFileReference; fileEncoding = 4; lastKnownFileType = sourcecode.c.objc; path = MMVectorImage.m; sourceTree = "<group>"; };
/* End PBXFileReference section */

/* Begin PBXFrameworksBuildPhase section */
		1190DE7F1A6CE313001FFD72 /* Frameworks */ = {
			isa = PBXFrameworksBuildPhase;
			buildActionMask = 2147483647;
			files = (
			);
			runOnlyForDeploymentPostprocessing = 0;
		};
		1190DE9B1A6CE313001FFD72 /* Frameworks */ = {
			isa = PBXFrameworksBuildPhase;
			buildActionMask = 2147483647;
			files = (
			);
			runOnlyForDeploymentPostprocessing = 0;
		};
/* End PBXFrameworksBuildPhase section */

/* Begin PBXGroup section */
		1190DE791A6CE313001FFD72 = {
			isa = PBXGroup;
			children = (
				1190DE841A6CE313001FFD72 /* UI-Test */,
				1190DEA11A6CE313001FFD72 /* UI-TestTests */,
				1190DE831A6CE313001FFD72 /* Products */,
			);
			sourceTree = "<group>";
		};
		1190DE831A6CE313001FFD72 /* Products */ = {
			isa = PBXGroup;
			children = (
				1190DE821A6CE313001FFD72 /* UI-Test.app */,
				1190DE9E1A6CE313001FFD72 /* UI-TestTests.xctest */,
			);
			name = Products;
			sourceTree = "<group>";
		};
		1190DE841A6CE313001FFD72 /* UI-Test */ = {
			isa = PBXGroup;
			children = (
				1190DED71A6DE8BF001FFD72 /* 3-rd */,
				1190DEB71A6CF652001FFD72 /* MyHeaderFile.h */,
				1190DE891A6CE313001FFD72 /* AppDelegate.h */,
				1190DE8A1A6CE313001FFD72 /* AppDelegate.m */,
				1190DEAE1A6CE325001FFD72 /* CountryViewController.h */,
				1190DEAF1A6CE325001FFD72 /* CountryViewController.m */,
				1190DEB11A6CF1B2001FFD72 /* ProvincesViewController.h */,
				1190DEB21A6CF1B2001FFD72 /* ProvincesViewController.m */,
				1190DEB41A6CF1BC001FFD72 /* CitiesViewController.h */,
				1190DEB51A6CF1BC001FFD72 /* CitiesViewController.m */,
				1190DE921A6CE313001FFD72 /* Main.storyboard */,
				1190DE951A6CE313001FFD72 /* Images.xcassets */,
				1190DE971A6CE313001FFD72 /* LaunchScreen.xib */,
				1190DE8C1A6CE313001FFD72 /* UI_Test.xcdatamodeld */,
				1190DE851A6CE313001FFD72 /* Supporting Files */,
			);
			path = "UI-Test";
			sourceTree = "<group>";
		};
		1190DE851A6CE313001FFD72 /* Supporting Files */ = {
			isa = PBXGroup;
			children = (
				1190DE861A6CE313001FFD72 /* Info.plist */,
				1190DE871A6CE313001FFD72 /* main.m */,
			);
			name = "Supporting Files";
			sourceTree = "<group>";
		};
		1190DEA11A6CE313001FFD72 /* UI-TestTests */ = {
			isa = PBXGroup;
			children = (
				1190DEA41A6CE313001FFD72 /* UI_TestTests.m */,
				1190DEA21A6CE313001FFD72 /* Supporting Files */,
			);
			path = "UI-TestTests";
			sourceTree = "<group>";
		};
		1190DEA21A6CE313001FFD72 /* Supporting Files */ = {
			isa = PBXGroup;
			children = (
				1190DEA31A6CE313001FFD72 /* Info.plist */,
			);
			name = "Supporting Files";
			sourceTree = "<group>";
		};
		1190DED71A6DE8BF001FFD72 /* 3-rd */ = {
			isa = PBXGroup;
			children = (
				1190DF311A6DEF21001FFD72 /* MMProgressHUD */,
				1190DF141A6DEA0F001FFD72 /* AFNetworking */,
			);
			name = "3-rd";
			sourceTree = "<group>";
		};
		1190DF141A6DEA0F001FFD72 /* AFNetworking */ = {
			isa = PBXGroup;
			children = (
				1190DF151A6DEA0F001FFD72 /* AFHTTPRequestOperation.h */,
				1190DF161A6DEA0F001FFD72 /* AFHTTPRequestOperation.m */,
				1190DF171A6DEA0F001FFD72 /* AFHTTPRequestOperationManager.h */,
				1190DF181A6DEA0F001FFD72 /* AFHTTPRequestOperationManager.m */,
				1190DF191A6DEA0F001FFD72 /* AFHTTPSessionManager.h */,
				1190DF1A1A6DEA0F001FFD72 /* AFHTTPSessionManager.m */,
				1190DF1B1A6DEA0F001FFD72 /* AFNetworking.h */,
				1190DF1C1A6DEA0F001FFD72 /* AFNetworkReachabilityManager.h */,
				1190DF1D1A6DEA0F001FFD72 /* AFNetworkReachabilityManager.m */,
				1190DF1E1A6DEA0F001FFD72 /* AFSecurityPolicy.h */,
				1190DF1F1A6DEA0F001FFD72 /* AFSecurityPolicy.m */,
				1190DF201A6DEA0F001FFD72 /* AFURLConnectionOperation.h */,
				1190DF211A6DEA0F001FFD72 /* AFURLConnectionOperation.m */,
				1190DF221A6DEA0F001FFD72 /* AFURLRequestSerialization.h */,
				1190DF231A6DEA0F001FFD72 /* AFURLRequestSerialization.m */,
				1190DF241A6DEA0F001FFD72 /* AFURLResponseSerialization.h */,
				1190DF251A6DEA0F001FFD72 /* AFURLResponseSerialization.m */,
				1190DF261A6DEA0F001FFD72 /* AFURLSessionManager.h */,
				1190DF271A6DEA0F001FFD72 /* AFURLSessionManager.m */,
			);
			path = AFNetworking;
			sourceTree = "<group>";
		};
		1190DF311A6DEF21001FFD72 /* MMProgressHUD */ = {
			isa = PBXGroup;
			children = (
				1190DF321A6DEF21001FFD72 /* LICENSE */,
				1190DF331A6DEF21001FFD72 /* README.md */,
				1190DF341A6DEF21001FFD72 /* Source */,
			);
			path = MMProgressHUD;
			sourceTree = "<group>";
		};
		1190DF341A6DEF21001FFD72 /* Source */ = {
			isa = PBXGroup;
			children = (
				1190DF351A6DEF21001FFD72 /* MMHud.h */,
				1190DF361A6DEF21001FFD72 /* MMHud.m */,
				1190DF371A6DEF21001FFD72 /* MMLinearProgressView.h */,
				1190DF381A6DEF21001FFD72 /* MMLinearProgressView.m */,
				1190DF391A6DEF21001FFD72 /* MMProgressHUD+Animations.h */,
				1190DF3A1A6DEF21001FFD72 /* MMProgressHUD+Animations.m */,
				1190DF3B1A6DEF21001FFD72 /* MMProgressHUD+Class.m */,
				1190DF3C1A6DEF21001FFD72 /* MMProgressHUD.h */,
				1190DF3D1A6DEF21001FFD72 /* MMProgressHUD.m */,
				1190DF3E1A6DEF21001FFD72 /* MMProgressHUDCommon.h */,
				1190DF3F1A6DEF21001FFD72 /* MMProgressHUDOverlayView.h */,
				1190DF401A6DEF21001FFD72 /* MMProgressHUDOverlayView.m */,
				1190DF411A6DEF21001FFD72 /* MMProgressHUDViewController.h */,
				1190DF421A6DEF21001FFD72 /* MMProgressHUDViewController.m */,
				1190DF431A6DEF21001FFD72 /* MMProgressHUDWindow.h */,
				1190DF441A6DEF21001FFD72 /* MMProgressHUDWindow.m */,
				1190DF451A6DEF21001FFD72 /* MMProgressView-Protocol.h */,
				1190DF461A6DEF21001FFD72 /* MMRadialProgressView.h */,
				1190DF471A6DEF21001FFD72 /* MMRadialProgressView.m */,
				1190DF481A6DEF21001FFD72 /* MMVectorImage.h */,
				1190DF491A6DEF21001FFD72 /* MMVectorImage.m */,
			);
			path = Source;
			sourceTree = "<group>";
		};
/* End PBXGroup section */

/* Begin PBXNativeTarget section */
		1190DE811A6CE313001FFD72 /* UI-Test */ = {
			isa = PBXNativeTarget;
			buildConfigurationList = 1190DEA81A6CE313001FFD72 /* Build configuration list for PBXNativeTarget "UI-Test" */;
			buildPhases = (
				1190DE7E1A6CE313001FFD72 /* Sources */,
				1190DE7F1A6CE313001FFD72 /* Frameworks */,
				1190DE801A6CE313001FFD72 /* Resources */,
			);
			buildRules = (
			);
			dependencies = (
			);
			name = "UI-Test";
			productName = "UI-Test";
			productReference = 1190DE821A6CE313001FFD72 /* UI-Test.app */;
			productType = "com.apple.product-type.application";
		};
		1190DE9D1A6CE313001FFD72 /* UI-TestTests */ = {
			isa = PBXNativeTarget;
			buildConfigurationList = 1190DEAB1A6CE313001FFD72 /* Build configuration list for PBXNativeTarget "UI-TestTests" */;
			buildPhases = (
				1190DE9A1A6CE313001FFD72 /* Sources */,
				1190DE9B1A6CE313001FFD72 /* Frameworks */,
				1190DE9C1A6CE313001FFD72 /* Resources */,
			);
			buildRules = (
			);
			dependencies = (
				1190DEA01A6CE313001FFD72 /* PBXTargetDependency */,
			);
			name = "UI-TestTests";
			productName = "UI-TestTests";
			productReference = 1190DE9E1A6CE313001FFD72 /* UI-TestTests.xctest */;
			productType = "com.apple.product-type.bundle.unit-test";
		};
/* End PBXNativeTarget section */

/* Begin PBXProject section */
		1190DE7A1A6CE313001FFD72 /* Project object */ = {
			isa = PBXProject;
			attributes = {
				LastUpgradeCheck = 0610;
				ORGANIZATIONNAME = yan;
				TargetAttributes = {
					1190DE811A6CE313001FFD72 = {
						CreatedOnToolsVersion = 6.1.1;
					};
					1190DE9D1A6CE313001FFD72 = {
						CreatedOnToolsVersion = 6.1.1;
						TestTargetID = 1190DE811A6CE313001FFD72;
					};
				};
			};
			buildConfigurationList = 1190DE7D1A6CE313001FFD72 /* Build configuration list for PBXProject "UI-Test" */;
			compatibilityVersion = "Xcode 3.2";
			developmentRegion = English;
			hasScannedForEncodings = 0;
			knownRegions = (
				en,
				Base,
			);
			mainGroup = 1190DE791A6CE313001FFD72;
			productRefGroup = 1190DE831A6CE313001FFD72 /* Products */;
			projectDirPath = "";
			projectRoot = "";
			targets = (
				1190DE811A6CE313001FFD72 /* UI-Test */,
				1190DE9D1A6CE313001FFD72 /* UI-TestTests */,
			);
		};
/* End PBXProject section */

/* Begin PBXResourcesBuildPhase section */
		1190DE801A6CE313001FFD72 /* Resources */ = {
			isa = PBXResourcesBuildPhase;
			buildActionMask = 2147483647;
			files = (
				1190DE941A6CE313001FFD72 /* Main.storyboard in Resources */,
				1190DE991A6CE313001FFD72 /* LaunchScreen.xib in Resources */,
				1190DF4A1A6DEF21001FFD72 /* LICENSE in Resources */,
				1190DE961A6CE313001FFD72 /* Images.xcassets in Resources */,
			);
			runOnlyForDeploymentPostprocessing = 0;
		};
		1190DE9C1A6CE313001FFD72 /* Resources */ = {
			isa = PBXResourcesBuildPhase;
			buildActionMask = 2147483647;
			files = (
			);
			runOnlyForDeploymentPostprocessing = 0;
		};
/* End PBXResourcesBuildPhase section */

/* Begin PBXSourcesBuildPhase section */
		1190DE7E1A6CE313001FFD72 /* Sources */ = {
			isa = PBXSourcesBuildPhase;
			buildActionMask = 2147483647;
			files = (
				1190DF4D1A6DEF21001FFD72 /* MMLinearProgressView.m in Sources */,
				1190DF301A6DEA0F001FFD72 /* AFURLSessionManager.m in Sources */,
				1190DE8B1A6CE313001FFD72 /* AppDelegate.m in Sources */,
				1190DF501A6DEF21001FFD72 /* MMProgressHUD.m in Sources */,
				1190DF4C1A6DEF21001FFD72 /* MMHud.m in Sources */,
				1190DEB61A6CF1BC001FFD72 /* CitiesViewController.m in Sources */,
				1190DF4F1A6DEF21001FFD72 /* MMProgressHUD+Class.m in Sources */,
				1190DF2B1A6DEA0F001FFD72 /* AFNetworkReachabilityManager.m in Sources */,
				1190DF531A6DEF21001FFD72 /* MMProgressHUDWindow.m in Sources */,
				1190DE881A6CE313001FFD72 /* main.m in Sources */,
				1190DF4E1A6DEF21001FFD72 /* MMProgressHUD+Animations.m in Sources */,
				1190DF2D1A6DEA0F001FFD72 /* AFURLConnectionOperation.m in Sources */,
				1190DF521A6DEF21001FFD72 /* MMProgressHUDViewController.m in Sources */,
				1190DF4B1A6DEF21001FFD72 /* README.md in Sources */,
				1190DF551A6DEF21001FFD72 /* MMVectorImage.m in Sources */,
				1190DF2A1A6DEA0F001FFD72 /* AFHTTPSessionManager.m in Sources */,
				1190DF2E1A6DEA0F001FFD72 /* AFURLRequestSerialization.m in Sources */,
				1190DEB01A6CE325001FFD72 /* CountryViewController.m in Sources */,
				1190DEB31A6CF1B2001FFD72 /* ProvincesViewController.m in Sources */,
				1190DF541A6DEF21001FFD72 /* MMRadialProgressView.m in Sources */,
				1190DE8E1A6CE313001FFD72 /* UI_Test.xcdatamodeld in Sources */,
				1190DF291A6DEA0F001FFD72 /* AFHTTPRequestOperationManager.m in Sources */,
				1190DF511A6DEF21001FFD72 /* MMProgressHUDOverlayView.m in Sources */,
				1190DF2C1A6DEA0F001FFD72 /* AFSecurityPolicy.m in Sources */,
				1190DF2F1A6DEA0F001FFD72 /* AFURLResponseSerialization.m in Sources */,
				1190DF281A6DEA0F001FFD72 /* AFHTTPRequestOperation.m in Sources */,
			);
			runOnlyForDeploymentPostprocessing = 0;
		};
		1190DE9A1A6CE313001FFD72 /* Sources */ = {
			isa = PBXSourcesBuildPhase;
			buildActionMask = 2147483647;
			files = (
				1190DEA51A6CE313001FFD72 /* UI_TestTests.m in Sources */,
			);
			runOnlyForDeploymentPostprocessing = 0;
		};
/* End PBXSourcesBuildPhase section */

/* Begin PBXTargetDependency section */
		1190DEA01A6CE313001FFD72 /* PBXTargetDependency */ = {
			isa = PBXTargetDependency;
			target = 1190DE811A6CE313001FFD72 /* UI-Test */;
			targetProxy = 1190DE9F1A6CE313001FFD72 /* PBXContainerItemProxy */;
		};
/* End PBXTargetDependency section */

/* Begin PBXVariantGroup section */
		1190DE921A6CE313001FFD72 /* Main.storyboard */ = {
			isa = PBXVariantGroup;
			children = (
				1190DE931A6CE313001FFD72 /* Base */,
			);
			name = Main.storyboard;
			sourceTree = "<group>";
		};
		1190DE971A6CE313001FFD72 /* LaunchScreen.xib */ = {
			isa = PBXVariantGroup;
			children = (
				1190DE981A6CE313001FFD72 /* Base */,
			);
			name = LaunchScreen.xib;
			sourceTree = "<group>";
		};
/* End PBXVariantGroup section */

/* Begin XCBuildConfiguration section */
		1190DEA61A6CE313001FFD72 /* Debug */ = {
			isa = XCBuildConfiguration;
			buildSettings = {
				ALWAYS_SEARCH_USER_PATHS = NO;
				CLANG_CXX_LANGUAGE_STANDARD = "gnu++0x";
				CLANG_CXX_LIBRARY = "libc++";
				CLANG_ENABLE_MODULES = YES;
				CLANG_ENABLE_OBJC_ARC = YES;
				CLANG_WARN_BOOL_CONVERSION = YES;
				CLANG_WARN_CONSTANT_CONVERSION = YES;
				CLANG_WARN_DIRECT_OBJC_ISA_USAGE = YES_ERROR;
				CLANG_WARN_EMPTY_BODY = YES;
				CLANG_WARN_ENUM_CONVERSION = YES;
				CLANG_WARN_INT_CONVERSION = YES;
				CLANG_WARN_OBJC_ROOT_CLASS = YES_ERROR;
				CLANG_WARN_UNREACHABLE_CODE = YES;
				CLANG_WARN__DUPLICATE_METHOD_MATCH = YES;
				"CODE_SIGN_IDENTITY[sdk=iphoneos*]" = "iPhone Developer";
				COPY_PHASE_STRIP = NO;
				ENABLE_STRICT_OBJC_MSGSEND = YES;
				GCC_C_LANGUAGE_STANDARD = gnu99;
				GCC_DYNAMIC_NO_PIC = NO;
				GCC_OPTIMIZATION_LEVEL = 0;
				GCC_PREPROCESSOR_DEFINITIONS = (
					"DEBUG=1",
					"$(inherited)",
				);
				GCC_SYMBOLS_PRIVATE_EXTERN = NO;
				GCC_WARN_64_TO_32_BIT_CONVERSION = YES;
				GCC_WARN_ABOUT_RETURN_TYPE = YES_ERROR;
				GCC_WARN_UNDECLARED_SELECTOR = YES;
				GCC_WARN_UNINITIALIZED_AUTOS = YES_AGGRESSIVE;
				GCC_WARN_UNUSED_FUNCTION = YES;
				GCC_WARN_UNUSED_VARIABLE = YES;
				IPHONEOS_DEPLOYMENT_TARGET = 8.1;
				MTL_ENABLE_DEBUG_INFO = YES;
				ONLY_ACTIVE_ARCH = YES;
				SDKROOT = iphoneos;
			};
			name = Debug;
		};
		1190DEA71A6CE313001FFD72 /* Release */ = {
			isa = XCBuildConfiguration;
			buildSettings = {
				ALWAYS_SEARCH_USER_PATHS = NO;
				CLANG_CXX_LANGUAGE_STANDARD = "gnu++0x";
				CLANG_CXX_LIBRARY = "libc++";
				CLANG_ENABLE_MODULES = YES;
				CLANG_ENABLE_OBJC_ARC = YES;
				CLANG_WARN_BOOL_CONVERSION = YES;
				CLANG_WARN_CONSTANT_CONVERSION = YES;
				CLANG_WARN_DIRECT_OBJC_ISA_USAGE = YES_ERROR;
				CLANG_WARN_EMPTY_BODY = YES;
				CLANG_WARN_ENUM_CONVERSION = YES;
				CLANG_WARN_INT_CONVERSION = YES;
				CLANG_WARN_OBJC_ROOT_CLASS = YES_ERROR;
				CLANG_WARN_UNREACHABLE_CODE = YES;
				CLANG_WARN__DUPLICATE_METHOD_MATCH = YES;
				"CODE_SIGN_IDENTITY[sdk=iphoneos*]" = "iPhone Developer";
				COPY_PHASE_STRIP = YES;
				ENABLE_NS_ASSERTIONS = NO;
				ENABLE_STRICT_OBJC_MSGSEND = YES;
				GCC_C_LANGUAGE_STANDARD = gnu99;
				GCC_WARN_64_TO_32_BIT_CONVERSION = YES;
				GCC_WARN_ABOUT_RETURN_TYPE = YES_ERROR;
				GCC_WARN_UNDECLARED_SELECTOR = YES;
				GCC_WARN_UNINITIALIZED_AUTOS = YES_AGGRESSIVE;
				GCC_WARN_UNUSED_FUNCTION = YES;
				GCC_WARN_UNUSED_VARIABLE = YES;
				IPHONEOS_DEPLOYMENT_TARGET = 8.1;
				MTL_ENABLE_DEBUG_INFO = NO;
				SDKROOT = iphoneos;
				VALIDATE_PRODUCT = YES;
			};
			name = Release;
		};
		1190DEA91A6CE313001FFD72 /* Debug */ = {
			isa = XCBuildConfiguration;
			buildSettings = {
				ASSETCATALOG_COMPILER_APPICON_NAME = AppIcon;
				INFOPLIST_FILE = "UI-Test/Info.plist";
				LD_RUNPATH_SEARCH_PATHS = "$(inherited) @executable_path/Frameworks";
				PRODUCT_NAME = "$(TARGET_NAME)";
			};
			name = Debug;
		};
		1190DEAA1A6CE313001FFD72 /* Release */ = {
			isa = XCBuildConfiguration;
			buildSettings = {
				ASSETCATALOG_COMPILER_APPICON_NAME = AppIcon;
				INFOPLIST_FILE = "UI-Test/Info.plist";
				LD_RUNPATH_SEARCH_PATHS = "$(inherited) @executable_path/Frameworks";
				PRODUCT_NAME = "$(TARGET_NAME)";
			};
			name = Release;
		};
		1190DEAC1A6CE313001FFD72 /* Debug */ = {
			isa = XCBuildConfiguration;
			buildSettings = {
				BUNDLE_LOADER = "$(TEST_HOST)";
				FRAMEWORK_SEARCH_PATHS = (
					"$(SDKROOT)/Developer/Library/Frameworks",
					"$(inherited)",
				);
				GCC_PREPROCESSOR_DEFINITIONS = (
					"DEBUG=1",
					"$(inherited)",
				);
				INFOPLIST_FILE = "UI-TestTests/Info.plist";
				LD_RUNPATH_SEARCH_PATHS = "$(inherited) @executable_path/Frameworks @loader_path/Frameworks";
				PRODUCT_NAME = "$(TARGET_NAME)";
				TEST_HOST = "$(BUILT_PRODUCTS_DIR)/UI-Test.app/UI-Test";
			};
			name = Debug;
		};
		1190DEAD1A6CE313001FFD72 /* Release */ = {
			isa = XCBuildConfiguration;
			buildSettings = {
				BUNDLE_LOADER = "$(TEST_HOST)";
				FRAMEWORK_SEARCH_PATHS = (
					"$(SDKROOT)/Developer/Library/Frameworks",
					"$(inherited)",
				);
				INFOPLIST_FILE = "UI-TestTests/Info.plist";
				LD_RUNPATH_SEARCH_PATHS = "$(inherited) @executable_path/Frameworks @loader_path/Frameworks";
				PRODUCT_NAME = "$(TARGET_NAME)";
				TEST_HOST = "$(BUILT_PRODUCTS_DIR)/UI-Test.app/UI-Test";
			};
			name = Release;
		};
/* End XCBuildConfiguration section */

/* Begin XCConfigurationList section */
		1190DE7D1A6CE313001FFD72 /* Build configuration list for PBXProject "UI-Test" */ = {
			isa = XCConfigurationList;
			buildConfigurations = (
				1190DEA61A6CE313001FFD72 /* Debug */,
				1190DEA71A6CE313001FFD72 /* Release */,
			);
			defaultConfigurationIsVisible = 0;
			defaultConfigurationName = Release;
		};
		1190DEA81A6CE313001FFD72 /* Build configuration list for PBXNativeTarget "UI-Test" */ = {
			isa = XCConfigurationList;
			buildConfigurations = (
				1190DEA91A6CE313001FFD72 /* Debug */,
				1190DEAA1A6CE313001FFD72 /* Release */,
			);
			defaultConfigurationIsVisible = 0;
			defaultConfigurationName = Release;
		};
		1190DEAB1A6CE313001FFD72 /* Build configuration list for PBXNativeTarget "UI-TestTests" */ = {
			isa = XCConfigurationList;
			buildConfigurations = (
				1190DEAC1A6CE313001FFD72 /* Debug */,
				1190DEAD1A6CE313001FFD72 /* Release */,
			);
			defaultConfigurationIsVisible = 0;
			defaultConfigurationName = Release;
		};
/* End XCConfigurationList section */

/* Begin XCVersionGroup section */
		1190DE8C1A6CE313001FFD72 /* UI_Test.xcdatamodeld */ = {
			isa = XCVersionGroup;
			children = (
				1190DE8D1A6CE313001FFD72 /* UI_Test.xcdatamodel */,
			);
			currentVersion = 1190DE8D1A6CE313001FFD72 /* UI_Test.xcdatamodel */;
			path = UI_Test.xcdatamodeld;
			sourceTree = "<group>";
			versionGroupType = wrapper.xcdatamodel;
		};
/* End XCVersionGroup section */
	};
	rootObject = 1190DE7A1A6CE313001FFD72 /* Project object */;
}
