// !$*UTF8*$!
{
	archiveVersion = 1;
	classes = {
	};
	objectVersion = 46;
	objects = {

/* Begin PBXBuildFile section */
		11DED8351A48FD2100BFF0B7 /* main.m in Sources */ = {isa = PBXBuildFile; fileRef = 11DED8341A48FD2100BFF0B7 /* main.m */; };
		11DED8381A48FD2100BFF0B7 /* AppDelegate.m in Sources */ = {isa = PBXBuildFile; fileRef = 11DED8371A48FD2100BFF0B7 /* AppDelegate.m */; };
		11DED83B1A48FD2100BFF0B7 /* ViewController.m in Sources */ = {isa = PBXBuildFile; fileRef = 11DED83A1A48FD2100BFF0B7 /* ViewController.m */; };
		11DED83E1A48FD2100BFF0B7 /* Main.storyboard in Resources */ = {isa = PBXBuildFile; fileRef = 11DED83C1A48FD2100BFF0B7 /* Main.storyboard */; };
		11DED8401A48FD2100BFF0B7 /* Images.xcassets in Resources */ = {isa = PBXBuildFile; fileRef = 11DED83F1A48FD2100BFF0B7 /* Images.xcassets */; };
		11DED8431A48FD2100BFF0B7 /* LaunchScreen.xib in Resources */ = {isa = PBXBuildFile; fileRef = 11DED8411A48FD2100BFF0B7 /* LaunchScreen.xib */; };
		11DED84F1A48FD2100BFF0B7 /* _________Tests.m in Sources */ = {isa = PBXBuildFile; fileRef = 11DED84E1A48FD2100BFF0B7 /* _________Tests.m */; };
/* End PBXBuildFile section */

/* Begin PBXContainerItemProxy section */
		11DED8491A48FD2100BFF0B7 /* PBXContainerItemProxy */ = {
			isa = PBXContainerItemProxy;
			containerPortal = 11DED8271A48FD2100BFF0B7 /* Project object */;
			proxyType = 1;
			remoteGlobalIDString = 11DED82E1A48FD2100BFF0B7;
			remoteInfo = "第三章、活动表控件";
		};
/* End PBXContainerItemProxy section */

/* Begin PBXFileReference section */
		11DED82F1A48FD2100BFF0B7 /* 第三章、活动表控件.app */ = {isa = PBXFileReference; explicitFileType = wrapper.application; includeInIndex = 0; path = "第三章、活动表控件.app"; sourceTree = BUILT_PRODUCTS_DIR; };
		11DED8331A48FD2100BFF0B7 /* Info.plist */ = {isa = PBXFileReference; lastKnownFileType = text.plist.xml; path = Info.plist; sourceTree = "<group>"; };
		11DED8341A48FD2100BFF0B7 /* main.m */ = {isa = PBXFileReference; lastKnownFileType = sourcecode.c.objc; path = main.m; sourceTree = "<group>"; };
		11DED8361A48FD2100BFF0B7 /* AppDelegate.h */ = {isa = PBXFileReference; lastKnownFileType = sourcecode.c.h; path = AppDelegate.h; sourceTree = "<group>"; };
		11DED8371A48FD2100BFF0B7 /* AppDelegate.m */ = {isa = PBXFileReference; lastKnownFileType = sourcecode.c.objc; path = AppDelegate.m; sourceTree = "<group>"; };
		11DED8391A48FD2100BFF0B7 /* ViewController.h */ = {isa = PBXFileReference; lastKnownFileType = sourcecode.c.h; path = ViewController.h; sourceTree = "<group>"; };
		11DED83A1A48FD2100BFF0B7 /* ViewController.m */ = {isa = PBXFileReference; lastKnownFileType = sourcecode.c.objc; path = ViewController.m; sourceTree = "<group>"; };
		11DED83D1A48FD2100BFF0B7 /* Base */ = {isa = PBXFileReference; lastKnownFileType = file.storyboard; name = Base; path = Base.lproj/Main.storyboard; sourceTree = "<group>"; };
		11DED83F1A48FD2100BFF0B7 /* Images.xcassets */ = {isa = PBXFileReference; lastKnownFileType = folder.assetcatalog; path = Images.xcassets; sourceTree = "<group>"; };
		11DED8421A48FD2100BFF0B7 /* Base */ = {isa = PBXFileReference; lastKnownFileType = file.xib; name = Base; path = Base.lproj/LaunchScreen.xib; sourceTree = "<group>"; };
		11DED8481A48FD2100BFF0B7 /* 第三章、活动表控件Tests.xctest */ = {isa = PBXFileReference; explicitFileType = wrapper.cfbundle; includeInIndex = 0; path = "第三章、活动表控件Tests.xctest"; sourceTree = BUILT_PRODUCTS_DIR; };
		11DED84D1A48FD2100BFF0B7 /* Info.plist */ = {isa = PBXFileReference; lastKnownFileType = text.plist.xml; path = Info.plist; sourceTree = "<group>"; };
		11DED84E1A48FD2100BFF0B7 /* _________Tests.m */ = {isa = PBXFileReference; lastKnownFileType = sourcecode.c.objc; path = "_________Tests.m"; sourceTree = "<group>"; };
/* End PBXFileReference section */

/* Begin PBXFrameworksBuildPhase section */
		11DED82C1A48FD2100BFF0B7 /* Frameworks */ = {
			isa = PBXFrameworksBuildPhase;
			buildActionMask = 2147483647;
			files = (
			);
			runOnlyForDeploymentPostprocessing = 0;
		};
		11DED8451A48FD2100BFF0B7 /* Frameworks */ = {
			isa = PBXFrameworksBuildPhase;
			buildActionMask = 2147483647;
			files = (
			);
			runOnlyForDeploymentPostprocessing = 0;
		};
/* End PBXFrameworksBuildPhase section */

/* Begin PBXGroup section */
		11DED8261A48FD2100BFF0B7 = {
			isa = PBXGroup;
			children = (
				11DED8311A48FD2100BFF0B7 /* 第三章、活动表控件 */,
				11DED84B1A48FD2100BFF0B7 /* 第三章、活动表控件Tests */,
				11DED8301A48FD2100BFF0B7 /* Products */,
			);
			sourceTree = "<group>";
		};
		11DED8301A48FD2100BFF0B7 /* Products */ = {
			isa = PBXGroup;
			children = (
				11DED82F1A48FD2100BFF0B7 /* 第三章、活动表控件.app */,
				11DED8481A48FD2100BFF0B7 /* 第三章、活动表控件Tests.xctest */,
			);
			name = Products;
			sourceTree = "<group>";
		};
		11DED8311A48FD2100BFF0B7 /* 第三章、活动表控件 */ = {
			isa = PBXGroup;
			children = (
				11DED8361A48FD2100BFF0B7 /* AppDelegate.h */,
				11DED8371A48FD2100BFF0B7 /* AppDelegate.m */,
				11DED8391A48FD2100BFF0B7 /* ViewController.h */,
				11DED83A1A48FD2100BFF0B7 /* ViewController.m */,
				11DED83C1A48FD2100BFF0B7 /* Main.storyboard */,
				11DED83F1A48FD2100BFF0B7 /* Images.xcassets */,
				11DED8411A48FD2100BFF0B7 /* LaunchScreen.xib */,
				11DED8321A48FD2100BFF0B7 /* Supporting Files */,
			);
			path = "第三章、活动表控件";
			sourceTree = "<group>";
		};
		11DED8321A48FD2100BFF0B7 /* Supporting Files */ = {
			isa = PBXGroup;
			children = (
				11DED8331A48FD2100BFF0B7 /* Info.plist */,
				11DED8341A48FD2100BFF0B7 /* main.m */,
			);
			name = "Supporting Files";
			sourceTree = "<group>";
		};
		11DED84B1A48FD2100BFF0B7 /* 第三章、活动表控件Tests */ = {
			isa = PBXGroup;
			children = (
				11DED84E1A48FD2100BFF0B7 /* _________Tests.m */,
				11DED84C1A48FD2100BFF0B7 /* Supporting Files */,
			);
			path = "第三章、活动表控件Tests";
			sourceTree = "<group>";
		};
		11DED84C1A48FD2100BFF0B7 /* Supporting Files */ = {
			isa = PBXGroup;
			children = (
				11DED84D1A48FD2100BFF0B7 /* Info.plist */,
			);
			name = "Supporting Files";
			sourceTree = "<group>";
		};
/* End PBXGroup section */

/* Begin PBXNativeTarget section */
		11DED82E1A48FD2100BFF0B7 /* 第三章、活动表控件 */ = {
			isa = PBXNativeTarget;
			buildConfigurationList = 11DED8521A48FD2100BFF0B7 /* Build configuration list for PBXNativeTarget "第三章、活动表控件" */;
			buildPhases = (
				11DED82B1A48FD2100BFF0B7 /* Sources */,
				11DED82C1A48FD2100BFF0B7 /* Frameworks */,
				11DED82D1A48FD2100BFF0B7 /* Resources */,
			);
			buildRules = (
			);
			dependencies = (
			);
			name = "第三章、活动表控件";
			productName = "第三章、活动表控件";
			productReference = 11DED82F1A48FD2100BFF0B7 /* 第三章、活动表控件.app */;
			productType = "com.apple.product-type.application";
		};
		11DED8471A48FD2100BFF0B7 /* 第三章、活动表控件Tests */ = {
			isa = PBXNativeTarget;
			buildConfigurationList = 11DED8551A48FD2100BFF0B7 /* Build configuration list for PBXNativeTarget "第三章、活动表控件Tests" */;
			buildPhases = (
				11DED8441A48FD2100BFF0B7 /* Sources */,
				11DED8451A48FD2100BFF0B7 /* Frameworks */,
				11DED8461A48FD2100BFF0B7 /* Resources */,
			);
			buildRules = (
			);
			dependencies = (
				11DED84A1A48FD2100BFF0B7 /* PBXTargetDependency */,
			);
			name = "第三章、活动表控件Tests";
			productName = "第三章、活动表控件Tests";
			productReference = 11DED8481A48FD2100BFF0B7 /* 第三章、活动表控件Tests.xctest */;
			productType = "com.apple.product-type.bundle.unit-test";
		};
/* End PBXNativeTarget section */

/* Begin PBXProject section */
		11DED8271A48FD2100BFF0B7 /* Project object */ = {
			isa = PBXProject;
			attributes = {
				LastUpgradeCheck = 0610;
				ORGANIZATIONNAME = yan;
				TargetAttributes = {
					11DED82E1A48FD2100BFF0B7 = {
						CreatedOnToolsVersion = 6.1.1;
					};
					11DED8471A48FD2100BFF0B7 = {
						CreatedOnToolsVersion = 6.1.1;
						TestTargetID = 11DED82E1A48FD2100BFF0B7;
					};
				};
			};
			buildConfigurationList = 11DED82A1A48FD2100BFF0B7 /* Build configuration list for PBXProject "第三章、活动表控件" */;
			compatibilityVersion = "Xcode 3.2";
			developmentRegion = English;
			hasScannedForEncodings = 0;
			knownRegions = (
				en,
				Base,
			);
			mainGroup = 11DED8261A48FD2100BFF0B7;
			productRefGroup = 11DED8301A48FD2100BFF0B7 /* Products */;
			projectDirPath = "";
			projectRoot = "";
			targets = (
				11DED82E1A48FD2100BFF0B7 /* 第三章、活动表控件 */,
				11DED8471A48FD2100BFF0B7 /* 第三章、活动表控件Tests */,
			);
		};
/* End PBXProject section */

/* Begin PBXResourcesBuildPhase section */
		11DED82D1A48FD2100BFF0B7 /* Resources */ = {
			isa = PBXResourcesBuildPhase;
			buildActionMask = 2147483647;
			files = (
				11DED83E1A48FD2100BFF0B7 /* Main.storyboard in Resources */,
				11DED8431A48FD2100BFF0B7 /* LaunchScreen.xib in Resources */,
				11DED8401A48FD2100BFF0B7 /* Images.xcassets in Resources */,
			);
			runOnlyForDeploymentPostprocessing = 0;
		};
		11DED8461A48FD2100BFF0B7 /* Resources */ = {
			isa = PBXResourcesBuildPhase;
			buildActionMask = 2147483647;
			files = (
			);
			runOnlyForDeploymentPostprocessing = 0;
		};
/* End PBXResourcesBuildPhase section */

/* Begin PBXSourcesBuildPhase section */
		11DED82B1A48FD2100BFF0B7 /* Sources */ = {
			isa = PBXSourcesBuildPhase;
			buildActionMask = 2147483647;
			files = (
				11DED83B1A48FD2100BFF0B7 /* ViewController.m in Sources */,
				11DED8381A48FD2100BFF0B7 /* AppDelegate.m in Sources */,
				11DED8351A48FD2100BFF0B7 /* main.m in Sources */,
			);
			runOnlyForDeploymentPostprocessing = 0;
		};
		11DED8441A48FD2100BFF0B7 /* Sources */ = {
			isa = PBXSourcesBuildPhase;
			buildActionMask = 2147483647;
			files = (
				11DED84F1A48FD2100BFF0B7 /* _________Tests.m in Sources */,
			);
			runOnlyForDeploymentPostprocessing = 0;
		};
/* End PBXSourcesBuildPhase section */

/* Begin PBXTargetDependency section */
		11DED84A1A48FD2100BFF0B7 /* PBXTargetDependency */ = {
			isa = PBXTargetDependency;
			target = 11DED82E1A48FD2100BFF0B7 /* 第三章、活动表控件 */;
			targetProxy = 11DED8491A48FD2100BFF0B7 /* PBXContainerItemProxy */;
		};
/* End PBXTargetDependency section */

/* Begin PBXVariantGroup section */
		11DED83C1A48FD2100BFF0B7 /* Main.storyboard */ = {
			isa = PBXVariantGroup;
			children = (
				11DED83D1A48FD2100BFF0B7 /* Base */,
			);
			name = Main.storyboard;
			sourceTree = "<group>";
		};
		11DED8411A48FD2100BFF0B7 /* LaunchScreen.xib */ = {
			isa = PBXVariantGroup;
			children = (
				11DED8421A48FD2100BFF0B7 /* Base */,
			);
			name = LaunchScreen.xib;
			sourceTree = "<group>";
		};
/* End PBXVariantGroup section */

/* Begin XCBuildConfiguration section */
		11DED8501A48FD2100BFF0B7 /* Debug */ = {
			isa = XCBuildConfiguration;
			buildSettings = {
				ALWAYS_SEARCH_USER_PATHS = NO;
				CLANG_CXX_LANGUAGE_STANDARD = "gnu++0x";
				CLANG_CXX_LIBRARY = "libc++";
				CLANG_ENABLE_MODULES = YES;
				CLANG_ENABLE_OBJC_ARC = YES;
				CLANG_WARN_BOOL_CONVERSION = YES;
				CLANG_WARN_CONSTANT_CONVERSION = YES;
				CLANG_WARN_DIRECT_OBJC_ISA_USAGE = YES_ERROR;
				CLANG_WARN_EMPTY_BODY = YES;
				CLANG_WARN_ENUM_CONVERSION = YES;
				CLANG_WARN_INT_CONVERSION = YES;
				CLANG_WARN_OBJC_ROOT_CLASS = YES_ERROR;
				CLANG_WARN_UNREACHABLE_CODE = YES;
				CLANG_WARN__DUPLICATE_METHOD_MATCH = YES;
				"CODE_SIGN_IDENTITY[sdk=iphoneos*]" = "iPhone Developer";
				COPY_PHASE_STRIP = NO;
				ENABLE_STRICT_OBJC_MSGSEND = YES;
				GCC_C_LANGUAGE_STANDARD = gnu99;
				GCC_DYNAMIC_NO_PIC = NO;
				GCC_OPTIMIZATION_LEVEL = 0;
				GCC_PREPROCESSOR_DEFINITIONS = (
					"DEBUG=1",
					"$(inherited)",
				);
				GCC_SYMBOLS_PRIVATE_EXTERN = NO;
				GCC_WARN_64_TO_32_BIT_CONVERSION = YES;
				GCC_WARN_ABOUT_RETURN_TYPE = YES_ERROR;
				GCC_WARN_UNDECLARED_SELECTOR = YES;
				GCC_WARN_UNINITIALIZED_AUTOS = YES_AGGRESSIVE;
				GCC_WARN_UNUSED_FUNCTION = YES;
				GCC_WARN_UNUSED_VARIABLE = YES;
				IPHONEOS_DEPLOYMENT_TARGET = 8.1;
				MTL_ENABLE_DEBUG_INFO = YES;
				ONLY_ACTIVE_ARCH = YES;
				SDKROOT = iphoneos;
			};
			name = Debug;
		};
		11DED8511A48FD2100BFF0B7 /* Release */ = {
			isa = XCBuildConfiguration;
			buildSettings = {
				ALWAYS_SEARCH_USER_PATHS = NO;
				CLANG_CXX_LANGUAGE_STANDARD = "gnu++0x";
				CLANG_CXX_LIBRARY = "libc++";
				CLANG_ENABLE_MODULES = YES;
				CLANG_ENABLE_OBJC_ARC = YES;
				CLANG_WARN_BOOL_CONVERSION = YES;
				CLANG_WARN_CONSTANT_CONVERSION = YES;
				CLANG_WARN_DIRECT_OBJC_ISA_USAGE = YES_ERROR;
				CLANG_WARN_EMPTY_BODY = YES;
				CLANG_WARN_ENUM_CONVERSION = YES;
				CLANG_WARN_INT_CONVERSION = YES;
				CLANG_WARN_OBJC_ROOT_CLASS = YES_ERROR;
				CLANG_WARN_UNREACHABLE_CODE = YES;
				CLANG_WARN__DUPLICATE_METHOD_MATCH = YES;
				"CODE_SIGN_IDENTITY[sdk=iphoneos*]" = "iPhone Developer";
				COPY_PHASE_STRIP = YES;
				ENABLE_NS_ASSERTIONS = NO;
				ENABLE_STRICT_OBJC_MSGSEND = YES;
				GCC_C_LANGUAGE_STANDARD = gnu99;
				GCC_WARN_64_TO_32_BIT_CONVERSION = YES;
				GCC_WARN_ABOUT_RETURN_TYPE = YES_ERROR;
				GCC_WARN_UNDECLARED_SELECTOR = YES;
				GCC_WARN_UNINITIALIZED_AUTOS = YES_AGGRESSIVE;
				GCC_WARN_UNUSED_FUNCTION = YES;
				GCC_WARN_UNUSED_VARIABLE = YES;
				IPHONEOS_DEPLOYMENT_TARGET = 8.1;
				MTL_ENABLE_DEBUG_INFO = NO;
				SDKROOT = iphoneos;
				VALIDATE_PRODUCT = YES;
			};
			name = Release;
		};
		11DED8531A48FD2100BFF0B7 /* Debug */ = {
			isa = XCBuildConfiguration;
			buildSettings = {
				ASSETCATALOG_COMPILER_APPICON_NAME = AppIcon;
				INFOPLIST_FILE = "第三章、活动表控件/Info.plist";
				LD_RUNPATH_SEARCH_PATHS = "$(inherited) @executable_path/Frameworks";
				PRODUCT_NAME = "$(TARGET_NAME)";
			};
			name = Debug;
		};
		11DED8541A48FD2100BFF0B7 /* Release */ = {
			isa = XCBuildConfiguration;
			buildSettings = {
				ASSETCATALOG_COMPILER_APPICON_NAME = AppIcon;
				INFOPLIST_FILE = "第三章、活动表控件/Info.plist";
				LD_RUNPATH_SEARCH_PATHS = "$(inherited) @executable_path/Frameworks";
				PRODUCT_NAME = "$(TARGET_NAME)";
			};
			name = Release;
		};
		11DED8561A48FD2100BFF0B7 /* Debug */ = {
			isa = XCBuildConfiguration;
			buildSettings = {
				BUNDLE_LOADER = "$(TEST_HOST)";
				FRAMEWORK_SEARCH_PATHS = (
					"$(SDKROOT)/Developer/Library/Frameworks",
					"$(inherited)",
				);
				GCC_PREPROCESSOR_DEFINITIONS = (
					"DEBUG=1",
					"$(inherited)",
				);
				INFOPLIST_FILE = "第三章、活动表控件Tests/Info.plist";
				LD_RUNPATH_SEARCH_PATHS = "$(inherited) @executable_path/Frameworks @loader_path/Frameworks";
				PRODUCT_NAME = "$(TARGET_NAME)";
				TEST_HOST = "$(BUILT_PRODUCTS_DIR)/第三章、活动表控件.app/第三章、活动表控件";
			};
			name = Debug;
		};
		11DED8571A48FD2100BFF0B7 /* Release */ = {
			isa = XCBuildConfiguration;
			buildSettings = {
				BUNDLE_LOADER = "$(TEST_HOST)";
				FRAMEWORK_SEARCH_PATHS = (
					"$(SDKROOT)/Developer/Library/Frameworks",
					"$(inherited)",
				);
				INFOPLIST_FILE = "第三章、活动表控件Tests/Info.plist";
				LD_RUNPATH_SEARCH_PATHS = "$(inherited) @executable_path/Frameworks @loader_path/Frameworks";
				PRODUCT_NAME = "$(TARGET_NAME)";
				TEST_HOST = "$(BUILT_PRODUCTS_DIR)/第三章、活动表控件.app/第三章、活动表控件";
			};
			name = Release;
		};
/* End XCBuildConfiguration section */

/* Begin XCConfigurationList section */
		11DED82A1A48FD2100BFF0B7 /* Build configuration list for PBXProject "第三章、活动表控件" */ = {
			isa = XCConfigurationList;
			buildConfigurations = (
				11DED8501A48FD2100BFF0B7 /* Debug */,
				11DED8511A48FD2100BFF0B7 /* Release */,
			);
			defaultConfigurationIsVisible = 0;
			defaultConfigurationName = Release;
		};
		11DED8521A48FD2100BFF0B7 /* Build configuration list for PBXNativeTarget "第三章、活动表控件" */ = {
			isa = XCConfigurationList;
			buildConfigurations = (
				11DED8531A48FD2100BFF0B7 /* Debug */,
				11DED8541A48FD2100BFF0B7 /* Release */,
			);
			defaultConfigurationIsVisible = 0;
		};
		11DED8551A48FD2100BFF0B7 /* Build configuration list for PBXNativeTarget "第三章、活动表控件Tests" */ = {
			isa = XCConfigurationList;
			buildConfigurations = (
				11DED8561A48FD2100BFF0B7 /* Debug */,
				11DED8571A48FD2100BFF0B7 /* Release */,
			);
			defaultConfigurationIsVisible = 0;
		};
/* End XCConfigurationList section */
	};
	rootObject = 11DED8271A48FD2100BFF0B7 /* Project object */;
}
