// !$*UTF8*$!
{
	archiveVersion = 1;
	classes = {
	};
	objectVersion = 46;
	objects = {

/* Begin PBXBuildFile section */
		116AE3761A25BDA80052FF37 /* main.m in Sources */ = {isa = PBXBuildFile; fileRef = 116AE3751A25BDA80052FF37 /* main.m */; };
/* End PBXBuildFile section */

/* Begin PBXCopyFilesBuildPhase section */
		116AE3701A25BDA80052FF37 /* CopyFiles */ = {
			isa = PBXCopyFilesBuildPhase;
			buildActionMask = 2147483647;
			dstPath = /usr/share/man/man1/;
			dstSubfolderSpec = 0;
			files = (
			);
			runOnlyForDeploymentPostprocessing = 1;
		};
/* End PBXCopyFilesBuildPhase section */

/* Begin PBXFileReference section */
		116AE3721A25BDA80052FF37 /* NSString-Home */ = {isa = PBXFileReference; explicitFileType = "compiled.mach-o.executable"; includeInIndex = 0; path = "NSString-Home"; sourceTree = BUILT_PRODUCTS_DIR; };
		116AE3751A25BDA80052FF37 /* main.m */ = {isa = PBXFileReference; lastKnownFileType = sourcecode.c.objc; path = main.m; sourceTree = "<group>"; };
/* End PBXFileReference section */

/* Begin PBXFrameworksBuildPhase section */
		116AE36F1A25BDA80052FF37 /* Frameworks */ = {
			isa = PBXFrameworksBuildPhase;
			buildActionMask = 2147483647;
			files = (
			);
			runOnlyForDeploymentPostprocessing = 0;
		};
/* End PBXFrameworksBuildPhase section */

/* Begin PBXGroup section */
		116AE3691A25BDA80052FF37 = {
			isa = PBXGroup;
			children = (
				116AE3741A25BDA80052FF37 /* NSString-Home */,
				116AE3731A25BDA80052FF37 /* Products */,
			);
			sourceTree = "<group>";
		};
		116AE3731A25BDA80052FF37 /* Products */ = {
			isa = PBXGroup;
			children = (
				116AE3721A25BDA80052FF37 /* NSString-Home */,
			);
			name = Products;
			sourceTree = "<group>";
		};
		116AE3741A25BDA80052FF37 /* NSString-Home */ = {
			isa = PBXGroup;
			children = (
				116AE3751A25BDA80052FF37 /* main.m */,
			);
			path = "NSString-Home";
			sourceTree = "<group>";
		};
/* End PBXGroup section */

/* Begin PBXNativeTarget section */
		116AE3711A25BDA80052FF37 /* NSString-Home */ = {
			isa = PBXNativeTarget;
			buildConfigurationList = 116AE3791A25BDA80052FF37 /* Build configuration list for PBXNativeTarget "NSString-Home" */;
			buildPhases = (
				116AE36E1A25BDA80052FF37 /* Sources */,
				116AE36F1A25BDA80052FF37 /* Frameworks */,
				116AE3701A25BDA80052FF37 /* CopyFiles */,
			);
			buildRules = (
			);
			dependencies = (
			);
			name = "NSString-Home";
			productName = "NSString-Home";
			productReference = 116AE3721A25BDA80052FF37 /* NSString-Home */;
			productType = "com.apple.product-type.tool";
		};
/* End PBXNativeTarget section */

/* Begin PBXProject section */
		116AE36A1A25BDA80052FF37 /* Project object */ = {
			isa = PBXProject;
			attributes = {
				LastUpgradeCheck = 0610;
				ORGANIZATIONNAME = yan;
				TargetAttributes = {
					116AE3711A25BDA80052FF37 = {
						CreatedOnToolsVersion = 6.1;
					};
				};
			};
			buildConfigurationList = 116AE36D1A25BDA80052FF37 /* Build configuration list for PBXProject "NSString-Home" */;
			compatibilityVersion = "Xcode 3.2";
			developmentRegion = English;
			hasScannedForEncodings = 0;
			knownRegions = (
				en,
			);
			mainGroup = 116AE3691A25BDA80052FF37;
			productRefGroup = 116AE3731A25BDA80052FF37 /* Products */;
			projectDirPath = "";
			projectRoot = "";
			targets = (
				116AE3711A25BDA80052FF37 /* NSString-Home */,
			);
		};
/* End PBXProject section */

/* Begin PBXSourcesBuildPhase section */
		116AE36E1A25BDA80052FF37 /* Sources */ = {
			isa = PBXSourcesBuildPhase;
			buildActionMask = 2147483647;
			files = (
				116AE3761A25BDA80052FF37 /* main.m in Sources */,
			);
			runOnlyForDeploymentPostprocessing = 0;
		};
/* End PBXSourcesBuildPhase section */

/* Begin XCBuildConfiguration section */
		116AE3771A25BDA80052FF37 /* Debug */ = {
			isa = XCBuildConfiguration;
			buildSettings = {
				ALWAYS_SEARCH_USER_PATHS = NO;
				CLANG_CXX_LANGUAGE_STANDARD = "gnu++0x";
				CLANG_CXX_LIBRARY = "libc++";
				CLANG_ENABLE_MODULES = YES;
				CLANG_ENABLE_OBJC_ARC = YES;
				CLANG_WARN_BOOL_CONVERSION = YES;
				CLANG_WARN_CONSTANT_CONVERSION = YES;
				CLANG_WARN_DIRECT_OBJC_ISA_USAGE = YES_ERROR;
				CLANG_WARN_EMPTY_BODY = YES;
				CLANG_WARN_ENUM_CONVERSION = YES;
				CLANG_WARN_INT_CONVERSION = YES;
				CLANG_WARN_OBJC_ROOT_CLASS = YES_ERROR;
				CLANG_WARN_UNREACHABLE_CODE = YES;
				CLANG_WARN__DUPLICATE_METHOD_MATCH = YES;
				COPY_PHASE_STRIP = NO;
				ENABLE_STRICT_OBJC_MSGSEND = YES;
				GCC_C_LANGUAGE_STANDARD = gnu99;
				GCC_DYNAMIC_NO_PIC = NO;
				GCC_OPTIMIZATION_LEVEL = 0;
				GCC_PREPROCESSOR_DEFINITIONS = (
					"DEBUG=1",
					"$(inherited)",
				);
				GCC_SYMBOLS_PRIVATE_EXTERN = NO;
				GCC_WARN_64_TO_32_BIT_CONVERSION = YES;
				GCC_WARN_ABOUT_RETURN_TYPE = YES_ERROR;
				GCC_WARN_UNDECLARED_SELECTOR = YES;
				GCC_WARN_UNINITIALIZED_AUTOS = YES_AGGRESSIVE;
				GCC_WARN_UNUSED_FUNCTION = YES;
				GCC_WARN_UNUSED_VARIABLE = YES;
				MACOSX_DEPLOYMENT_TARGET = 10.10;
				MTL_ENABLE_DEBUG_INFO = YES;
				ONLY_ACTIVE_ARCH = YES;
				SDKROOT = macosx;
			};
			name = Debug;
		};
		116AE3781A25BDA80052FF37 /* Release */ = {
			isa = XCBuildConfiguration;
			buildSettings = {
				ALWAYS_SEARCH_USER_PATHS = NO;
				CLANG_CXX_LANGUAGE_STANDARD = "gnu++0x";
				CLANG_CXX_LIBRARY = "libc++";
				CLANG_ENABLE_MODULES = YES;
				CLANG_ENABLE_OBJC_ARC = YES;
				CLANG_WARN_BOOL_CONVERSION = YES;
				CLANG_WARN_CONSTANT_CONVERSION = YES;
				CLANG_WARN_DIRECT_OBJC_ISA_USAGE = YES_ERROR;
				CLANG_WARN_EMPTY_BODY = YES;
				CLANG_WARN_ENUM_CONVERSION = YES;
				CLANG_WARN_INT_CONVERSION = YES;
				CLANG_WARN_OBJC_ROOT_CLASS = YES_ERROR;
				CLANG_WARN_UNREACHABLE_CODE = YES;
				CLANG_WARN__DUPLICATE_METHOD_MATCH = YES;
				COPY_PHASE_STRIP = YES;
				DEBUG_INFORMATION_FORMAT = "dwarf-with-dsym";
				ENABLE_NS_ASSERTIONS = NO;
				ENABLE_STRICT_OBJC_MSGSEND = YES;
				GCC_C_LANGUAGE_STANDARD = gnu99;
				GCC_WARN_64_TO_32_BIT_CONVERSION = YES;
				GCC_WARN_ABOUT_RETURN_TYPE = YES_ERROR;
				GCC_WARN_UNDECLARED_SELECTOR = YES;
				GCC_WARN_UNINITIALIZED_AUTOS = YES_AGGRESSIVE;
				GCC_WARN_UNUSED_FUNCTION = YES;
				GCC_WARN_UNUSED_VARIABLE = YES;
				MACOSX_DEPLOYMENT_TARGET = 10.10;
				MTL_ENABLE_DEBUG_INFO = NO;
				SDKROOT = macosx;
			};
			name = Release;
		};
		116AE37A1A25BDA80052FF37 /* Debug */ = {
			isa = XCBuildConfiguration;
			buildSettings = {
				PRODUCT_NAME = "$(TARGET_NAME)";
			};
			name = Debug;
		};
		116AE37B1A25BDA80052FF37 /* Release */ = {
			isa = XCBuildConfiguration;
			buildSettings = {
				PRODUCT_NAME = "$(TARGET_NAME)";
			};
			name = Release;
		};
/* End XCBuildConfiguration section */

/* Begin XCConfigurationList section */
		116AE36D1A25BDA80052FF37 /* Build configuration list for PBXProject "NSString-Home" */ = {
			isa = XCConfigurationList;
			buildConfigurations = (
				116AE3771A25BDA80052FF37 /* Debug */,
				116AE3781A25BDA80052FF37 /* Release */,
			);
			defaultConfigurationIsVisible = 0;
			defaultConfigurationName = Release;
		};
		116AE3791A25BDA80052FF37 /* Build configuration list for PBXNativeTarget "NSString-Home" */ = {
			isa = XCConfigurationList;
			buildConfigurations = (
				116AE37A1A25BDA80052FF37 /* Debug */,
				116AE37B1A25BDA80052FF37 /* Release */,
			);
			defaultConfigurationIsVisible = 0;
		};
/* End XCConfigurationList section */
	};
	rootObject = 116AE36A1A25BDA80052FF37 /* Project object */;
}
