// !$*UTF8*$!
{
	archiveVersion = 1;
	classes = {
	};
	objectVersion = 46;
	objects = {

/* Begin PBXBuildFile section */
		11DF7B9D1A47BE2000B9D610 /* main.m in Sources */ = {isa = PBXBuildFile; fileRef = 11DF7B9C1A47BE2000B9D610 /* main.m */; };
		11DF7BA01A47BE2000B9D610 /* AppDelegate.m in Sources */ = {isa = PBXBuildFile; fileRef = 11DF7B9F1A47BE2000B9D610 /* AppDelegate.m */; };
		11DF7BA31A47BE2000B9D610 /* ViewController.m in Sources */ = {isa = PBXBuildFile; fileRef = 11DF7BA21A47BE2000B9D610 /* ViewController.m */; };
		11DF7BA61A47BE2000B9D610 /* Main.storyboard in Resources */ = {isa = PBXBuildFile; fileRef = 11DF7BA41A47BE2000B9D610 /* Main.storyboard */; };
		11DF7BA81A47BE2000B9D610 /* Images.xcassets in Resources */ = {isa = PBXBuildFile; fileRef = 11DF7BA71A47BE2000B9D610 /* Images.xcassets */; };
		11DF7BAB1A47BE2000B9D610 /* LaunchScreen.xib in Resources */ = {isa = PBXBuildFile; fileRef = 11DF7BA91A47BE2000B9D610 /* LaunchScreen.xib */; };
		11DF7BB71A47BE2100B9D610 /* UIScrolView____StoryBTests.m in Sources */ = {isa = PBXBuildFile; fileRef = 11DF7BB61A47BE2100B9D610 /* UIScrolView____StoryBTests.m */; };
		11DF7BC11A47F09700B9D610 /* Lion.png in Resources */ = {isa = PBXBuildFile; fileRef = 11DF7BC01A47F09700B9D610 /* Lion.png */; };
/* End PBXBuildFile section */

/* Begin PBXContainerItemProxy section */
		11DF7BB11A47BE2100B9D610 /* PBXContainerItemProxy */ = {
			isa = PBXContainerItemProxy;
			containerPortal = 11DF7B8F1A47BE2000B9D610 /* Project object */;
			proxyType = 1;
			remoteGlobalIDString = 11DF7B961A47BE2000B9D610;
			remoteInfo = "UIScrolView-控件-StoryB";
		};
/* End PBXContainerItemProxy section */

/* Begin PBXFileReference section */
		11DF7B971A47BE2000B9D610 /* UIScrolView-控件-StoryB.app */ = {isa = PBXFileReference; explicitFileType = wrapper.application; includeInIndex = 0; path = "UIScrolView-控件-StoryB.app"; sourceTree = BUILT_PRODUCTS_DIR; };
		11DF7B9B1A47BE2000B9D610 /* Info.plist */ = {isa = PBXFileReference; lastKnownFileType = text.plist.xml; path = Info.plist; sourceTree = "<group>"; };
		11DF7B9C1A47BE2000B9D610 /* main.m */ = {isa = PBXFileReference; lastKnownFileType = sourcecode.c.objc; path = main.m; sourceTree = "<group>"; };
		11DF7B9E1A47BE2000B9D610 /* AppDelegate.h */ = {isa = PBXFileReference; lastKnownFileType = sourcecode.c.h; path = AppDelegate.h; sourceTree = "<group>"; };
		11DF7B9F1A47BE2000B9D610 /* AppDelegate.m */ = {isa = PBXFileReference; lastKnownFileType = sourcecode.c.objc; path = AppDelegate.m; sourceTree = "<group>"; };
		11DF7BA11A47BE2000B9D610 /* ViewController.h */ = {isa = PBXFileReference; lastKnownFileType = sourcecode.c.h; path = ViewController.h; sourceTree = "<group>"; };
		11DF7BA21A47BE2000B9D610 /* ViewController.m */ = {isa = PBXFileReference; lastKnownFileType = sourcecode.c.objc; path = ViewController.m; sourceTree = "<group>"; };
		11DF7BA51A47BE2000B9D610 /* Base */ = {isa = PBXFileReference; lastKnownFileType = file.storyboard; name = Base; path = Base.lproj/Main.storyboard; sourceTree = "<group>"; };
		11DF7BA71A47BE2000B9D610 /* Images.xcassets */ = {isa = PBXFileReference; lastKnownFileType = folder.assetcatalog; path = Images.xcassets; sourceTree = "<group>"; };
		11DF7BAA1A47BE2000B9D610 /* Base */ = {isa = PBXFileReference; lastKnownFileType = file.xib; name = Base; path = Base.lproj/LaunchScreen.xib; sourceTree = "<group>"; };
		11DF7BB01A47BE2100B9D610 /* UIScrolView-控件-StoryBTests.xctest */ = {isa = PBXFileReference; explicitFileType = wrapper.cfbundle; includeInIndex = 0; path = "UIScrolView-控件-StoryBTests.xctest"; sourceTree = BUILT_PRODUCTS_DIR; };
		11DF7BB51A47BE2100B9D610 /* Info.plist */ = {isa = PBXFileReference; lastKnownFileType = text.plist.xml; path = Info.plist; sourceTree = "<group>"; };
		11DF7BB61A47BE2100B9D610 /* UIScrolView____StoryBTests.m */ = {isa = PBXFileReference; lastKnownFileType = sourcecode.c.objc; path = "UIScrolView____StoryBTests.m"; sourceTree = "<group>"; };
		11DF7BC01A47F09700B9D610 /* Lion.png */ = {isa = PBXFileReference; lastKnownFileType = image.png; path = Lion.png; sourceTree = "<group>"; };
/* End PBXFileReference section */

/* Begin PBXFrameworksBuildPhase section */
		11DF7B941A47BE2000B9D610 /* Frameworks */ = {
			isa = PBXFrameworksBuildPhase;
			buildActionMask = 2147483647;
			files = (
			);
			runOnlyForDeploymentPostprocessing = 0;
		};
		11DF7BAD1A47BE2100B9D610 /* Frameworks */ = {
			isa = PBXFrameworksBuildPhase;
			buildActionMask = 2147483647;
			files = (
			);
			runOnlyForDeploymentPostprocessing = 0;
		};
/* End PBXFrameworksBuildPhase section */

/* Begin PBXGroup section */
		11DF7B8E1A47BE2000B9D610 = {
			isa = PBXGroup;
			children = (
				11DF7B991A47BE2000B9D610 /* UIScrolView-控件-StoryB */,
				11DF7BB31A47BE2100B9D610 /* UIScrolView-控件-StoryBTests */,
				11DF7B981A47BE2000B9D610 /* Products */,
			);
			sourceTree = "<group>";
		};
		11DF7B981A47BE2000B9D610 /* Products */ = {
			isa = PBXGroup;
			children = (
				11DF7B971A47BE2000B9D610 /* UIScrolView-控件-StoryB.app */,
				11DF7BB01A47BE2100B9D610 /* UIScrolView-控件-StoryBTests.xctest */,
			);
			name = Products;
			sourceTree = "<group>";
		};
		11DF7B991A47BE2000B9D610 /* UIScrolView-控件-StoryB */ = {
			isa = PBXGroup;
			children = (
				11DF7B9E1A47BE2000B9D610 /* AppDelegate.h */,
				11DF7B9F1A47BE2000B9D610 /* AppDelegate.m */,
				11DF7BA11A47BE2000B9D610 /* ViewController.h */,
				11DF7BA21A47BE2000B9D610 /* ViewController.m */,
				11DF7BA41A47BE2000B9D610 /* Main.storyboard */,
				11DF7BC01A47F09700B9D610 /* Lion.png */,
				11DF7BA71A47BE2000B9D610 /* Images.xcassets */,
				11DF7BA91A47BE2000B9D610 /* LaunchScreen.xib */,
				11DF7B9A1A47BE2000B9D610 /* Supporting Files */,
			);
			path = "UIScrolView-控件-StoryB";
			sourceTree = "<group>";
		};
		11DF7B9A1A47BE2000B9D610 /* Supporting Files */ = {
			isa = PBXGroup;
			children = (
				11DF7B9B1A47BE2000B9D610 /* Info.plist */,
				11DF7B9C1A47BE2000B9D610 /* main.m */,
			);
			name = "Supporting Files";
			sourceTree = "<group>";
		};
		11DF7BB31A47BE2100B9D610 /* UIScrolView-控件-StoryBTests */ = {
			isa = PBXGroup;
			children = (
				11DF7BB61A47BE2100B9D610 /* UIScrolView____StoryBTests.m */,
				11DF7BB41A47BE2100B9D610 /* Supporting Files */,
			);
			path = "UIScrolView-控件-StoryBTests";
			sourceTree = "<group>";
		};
		11DF7BB41A47BE2100B9D610 /* Supporting Files */ = {
			isa = PBXGroup;
			children = (
				11DF7BB51A47BE2100B9D610 /* Info.plist */,
			);
			name = "Supporting Files";
			sourceTree = "<group>";
		};
/* End PBXGroup section */

/* Begin PBXNativeTarget section */
		11DF7B961A47BE2000B9D610 /* UIScrolView-控件-StoryB */ = {
			isa = PBXNativeTarget;
			buildConfigurationList = 11DF7BBA1A47BE2100B9D610 /* Build configuration list for PBXNativeTarget "UIScrolView-控件-StoryB" */;
			buildPhases = (
				11DF7B931A47BE2000B9D610 /* Sources */,
				11DF7B941A47BE2000B9D610 /* Frameworks */,
				11DF7B951A47BE2000B9D610 /* Resources */,
			);
			buildRules = (
			);
			dependencies = (
			);
			name = "UIScrolView-控件-StoryB";
			productName = "UIScrolView-控件-StoryB";
			productReference = 11DF7B971A47BE2000B9D610 /* UIScrolView-控件-StoryB.app */;
			productType = "com.apple.product-type.application";
		};
		11DF7BAF1A47BE2100B9D610 /* UIScrolView-控件-StoryBTests */ = {
			isa = PBXNativeTarget;
			buildConfigurationList = 11DF7BBD1A47BE2100B9D610 /* Build configuration list for PBXNativeTarget "UIScrolView-控件-StoryBTests" */;
			buildPhases = (
				11DF7BAC1A47BE2100B9D610 /* Sources */,
				11DF7BAD1A47BE2100B9D610 /* Frameworks */,
				11DF7BAE1A47BE2100B9D610 /* Resources */,
			);
			buildRules = (
			);
			dependencies = (
				11DF7BB21A47BE2100B9D610 /* PBXTargetDependency */,
			);
			name = "UIScrolView-控件-StoryBTests";
			productName = "UIScrolView-控件-StoryBTests";
			productReference = 11DF7BB01A47BE2100B9D610 /* UIScrolView-控件-StoryBTests.xctest */;
			productType = "com.apple.product-type.bundle.unit-test";
		};
/* End PBXNativeTarget section */

/* Begin PBXProject section */
		11DF7B8F1A47BE2000B9D610 /* Project object */ = {
			isa = PBXProject;
			attributes = {
				LastUpgradeCheck = 0610;
				ORGANIZATIONNAME = yan;
				TargetAttributes = {
					11DF7B961A47BE2000B9D610 = {
						CreatedOnToolsVersion = 6.1.1;
					};
					11DF7BAF1A47BE2100B9D610 = {
						CreatedOnToolsVersion = 6.1.1;
						TestTargetID = 11DF7B961A47BE2000B9D610;
					};
				};
			};
			buildConfigurationList = 11DF7B921A47BE2000B9D610 /* Build configuration list for PBXProject "UIScrolView-控件-StoryB" */;
			compatibilityVersion = "Xcode 3.2";
			developmentRegion = English;
			hasScannedForEncodings = 0;
			knownRegions = (
				en,
				Base,
			);
			mainGroup = 11DF7B8E1A47BE2000B9D610;
			productRefGroup = 11DF7B981A47BE2000B9D610 /* Products */;
			projectDirPath = "";
			projectRoot = "";
			targets = (
				11DF7B961A47BE2000B9D610 /* UIScrolView-控件-StoryB */,
				11DF7BAF1A47BE2100B9D610 /* UIScrolView-控件-StoryBTests */,
			);
		};
/* End PBXProject section */

/* Begin PBXResourcesBuildPhase section */
		11DF7B951A47BE2000B9D610 /* Resources */ = {
			isa = PBXResourcesBuildPhase;
			buildActionMask = 2147483647;
			files = (
				11DF7BA61A47BE2000B9D610 /* Main.storyboard in Resources */,
				11DF7BC11A47F09700B9D610 /* Lion.png in Resources */,
				11DF7BAB1A47BE2000B9D610 /* LaunchScreen.xib in Resources */,
				11DF7BA81A47BE2000B9D610 /* Images.xcassets in Resources */,
			);
			runOnlyForDeploymentPostprocessing = 0;
		};
		11DF7BAE1A47BE2100B9D610 /* Resources */ = {
			isa = PBXResourcesBuildPhase;
			buildActionMask = 2147483647;
			files = (
			);
			runOnlyForDeploymentPostprocessing = 0;
		};
/* End PBXResourcesBuildPhase section */

/* Begin PBXSourcesBuildPhase section */
		11DF7B931A47BE2000B9D610 /* Sources */ = {
			isa = PBXSourcesBuildPhase;
			buildActionMask = 2147483647;
			files = (
				11DF7BA31A47BE2000B9D610 /* ViewController.m in Sources */,
				11DF7BA01A47BE2000B9D610 /* AppDelegate.m in Sources */,
				11DF7B9D1A47BE2000B9D610 /* main.m in Sources */,
			);
			runOnlyForDeploymentPostprocessing = 0;
		};
		11DF7BAC1A47BE2100B9D610 /* Sources */ = {
			isa = PBXSourcesBuildPhase;
			buildActionMask = 2147483647;
			files = (
				11DF7BB71A47BE2100B9D610 /* UIScrolView____StoryBTests.m in Sources */,
			);
			runOnlyForDeploymentPostprocessing = 0;
		};
/* End PBXSourcesBuildPhase section */

/* Begin PBXTargetDependency section */
		11DF7BB21A47BE2100B9D610 /* PBXTargetDependency */ = {
			isa = PBXTargetDependency;
			target = 11DF7B961A47BE2000B9D610 /* UIScrolView-控件-StoryB */;
			targetProxy = 11DF7BB11A47BE2100B9D610 /* PBXContainerItemProxy */;
		};
/* End PBXTargetDependency section */

/* Begin PBXVariantGroup section */
		11DF7BA41A47BE2000B9D610 /* Main.storyboard */ = {
			isa = PBXVariantGroup;
			children = (
				11DF7BA51A47BE2000B9D610 /* Base */,
			);
			name = Main.storyboard;
			sourceTree = "<group>";
		};
		11DF7BA91A47BE2000B9D610 /* LaunchScreen.xib */ = {
			isa = PBXVariantGroup;
			children = (
				11DF7BAA1A47BE2000B9D610 /* Base */,
			);
			name = LaunchScreen.xib;
			sourceTree = "<group>";
		};
/* End PBXVariantGroup section */

/* Begin XCBuildConfiguration section */
		11DF7BB81A47BE2100B9D610 /* Debug */ = {
			isa = XCBuildConfiguration;
			buildSettings = {
				ALWAYS_SEARCH_USER_PATHS = NO;
				CLANG_CXX_LANGUAGE_STANDARD = "gnu++0x";
				CLANG_CXX_LIBRARY = "libc++";
				CLANG_ENABLE_MODULES = YES;
				CLANG_ENABLE_OBJC_ARC = YES;
				CLANG_WARN_BOOL_CONVERSION = YES;
				CLANG_WARN_CONSTANT_CONVERSION = YES;
				CLANG_WARN_DIRECT_OBJC_ISA_USAGE = YES_ERROR;
				CLANG_WARN_EMPTY_BODY = YES;
				CLANG_WARN_ENUM_CONVERSION = YES;
				CLANG_WARN_INT_CONVERSION = YES;
				CLANG_WARN_OBJC_ROOT_CLASS = YES_ERROR;
				CLANG_WARN_UNREACHABLE_CODE = YES;
				CLANG_WARN__DUPLICATE_METHOD_MATCH = YES;
				"CODE_SIGN_IDENTITY[sdk=iphoneos*]" = "iPhone Developer";
				COPY_PHASE_STRIP = NO;
				ENABLE_STRICT_OBJC_MSGSEND = YES;
				GCC_C_LANGUAGE_STANDARD = gnu99;
				GCC_DYNAMIC_NO_PIC = NO;
				GCC_OPTIMIZATION_LEVEL = 0;
				GCC_PREPROCESSOR_DEFINITIONS = (
					"DEBUG=1",
					"$(inherited)",
				);
				GCC_SYMBOLS_PRIVATE_EXTERN = NO;
				GCC_WARN_64_TO_32_BIT_CONVERSION = YES;
				GCC_WARN_ABOUT_RETURN_TYPE = YES_ERROR;
				GCC_WARN_UNDECLARED_SELECTOR = YES;
				GCC_WARN_UNINITIALIZED_AUTOS = YES_AGGRESSIVE;
				GCC_WARN_UNUSED_FUNCTION = YES;
				GCC_WARN_UNUSED_VARIABLE = YES;
				IPHONEOS_DEPLOYMENT_TARGET = 8.1;
				MTL_ENABLE_DEBUG_INFO = YES;
				ONLY_ACTIVE_ARCH = YES;
				SDKROOT = iphoneos;
			};
			name = Debug;
		};
		11DF7BB91A47BE2100B9D610 /* Release */ = {
			isa = XCBuildConfiguration;
			buildSettings = {
				ALWAYS_SEARCH_USER_PATHS = NO;
				CLANG_CXX_LANGUAGE_STANDARD = "gnu++0x";
				CLANG_CXX_LIBRARY = "libc++";
				CLANG_ENABLE_MODULES = YES;
				CLANG_ENABLE_OBJC_ARC = YES;
				CLANG_WARN_BOOL_CONVERSION = YES;
				CLANG_WARN_CONSTANT_CONVERSION = YES;
				CLANG_WARN_DIRECT_OBJC_ISA_USAGE = YES_ERROR;
				CLANG_WARN_EMPTY_BODY = YES;
				CLANG_WARN_ENUM_CONVERSION = YES;
				CLANG_WARN_INT_CONVERSION = YES;
				CLANG_WARN_OBJC_ROOT_CLASS = YES_ERROR;
				CLANG_WARN_UNREACHABLE_CODE = YES;
				CLANG_WARN__DUPLICATE_METHOD_MATCH = YES;
				"CODE_SIGN_IDENTITY[sdk=iphoneos*]" = "iPhone Developer";
				COPY_PHASE_STRIP = YES;
				ENABLE_NS_ASSERTIONS = NO;
				ENABLE_STRICT_OBJC_MSGSEND = YES;
				GCC_C_LANGUAGE_STANDARD = gnu99;
				GCC_WARN_64_TO_32_BIT_CONVERSION = YES;
				GCC_WARN_ABOUT_RETURN_TYPE = YES_ERROR;
				GCC_WARN_UNDECLARED_SELECTOR = YES;
				GCC_WARN_UNINITIALIZED_AUTOS = YES_AGGRESSIVE;
				GCC_WARN_UNUSED_FUNCTION = YES;
				GCC_WARN_UNUSED_VARIABLE = YES;
				IPHONEOS_DEPLOYMENT_TARGET = 8.1;
				MTL_ENABLE_DEBUG_INFO = NO;
				SDKROOT = iphoneos;
				VALIDATE_PRODUCT = YES;
			};
			name = Release;
		};
		11DF7BBB1A47BE2100B9D610 /* Debug */ = {
			isa = XCBuildConfiguration;
			buildSettings = {
				ASSETCATALOG_COMPILER_APPICON_NAME = AppIcon;
				INFOPLIST_FILE = "UIScrolView-控件-StoryB/Info.plist";
				LD_RUNPATH_SEARCH_PATHS = "$(inherited) @executable_path/Frameworks";
				PRODUCT_NAME = "$(TARGET_NAME)";
			};
			name = Debug;
		};
		11DF7BBC1A47BE2100B9D610 /* Release */ = {
			isa = XCBuildConfiguration;
			buildSettings = {
				ASSETCATALOG_COMPILER_APPICON_NAME = AppIcon;
				INFOPLIST_FILE = "UIScrolView-控件-StoryB/Info.plist";
				LD_RUNPATH_SEARCH_PATHS = "$(inherited) @executable_path/Frameworks";
				PRODUCT_NAME = "$(TARGET_NAME)";
			};
			name = Release;
		};
		11DF7BBE1A47BE2100B9D610 /* Debug */ = {
			isa = XCBuildConfiguration;
			buildSettings = {
				BUNDLE_LOADER = "$(TEST_HOST)";
				FRAMEWORK_SEARCH_PATHS = (
					"$(SDKROOT)/Developer/Library/Frameworks",
					"$(inherited)",
				);
				GCC_PREPROCESSOR_DEFINITIONS = (
					"DEBUG=1",
					"$(inherited)",
				);
				INFOPLIST_FILE = "UIScrolView-控件-StoryBTests/Info.plist";
				LD_RUNPATH_SEARCH_PATHS = "$(inherited) @executable_path/Frameworks @loader_path/Frameworks";
				PRODUCT_NAME = "$(TARGET_NAME)";
				TEST_HOST = "$(BUILT_PRODUCTS_DIR)/UIScrolView-控件-StoryB.app/UIScrolView-控件-StoryB";
			};
			name = Debug;
		};
		11DF7BBF1A47BE2100B9D610 /* Release */ = {
			isa = XCBuildConfiguration;
			buildSettings = {
				BUNDLE_LOADER = "$(TEST_HOST)";
				FRAMEWORK_SEARCH_PATHS = (
					"$(SDKROOT)/Developer/Library/Frameworks",
					"$(inherited)",
				);
				INFOPLIST_FILE = "UIScrolView-控件-StoryBTests/Info.plist";
				LD_RUNPATH_SEARCH_PATHS = "$(inherited) @executable_path/Frameworks @loader_path/Frameworks";
				PRODUCT_NAME = "$(TARGET_NAME)";
				TEST_HOST = "$(BUILT_PRODUCTS_DIR)/UIScrolView-控件-StoryB.app/UIScrolView-控件-StoryB";
			};
			name = Release;
		};
/* End XCBuildConfiguration section */

/* Begin XCConfigurationList section */
		11DF7B921A47BE2000B9D610 /* Build configuration list for PBXProject "UIScrolView-控件-StoryB" */ = {
			isa = XCConfigurationList;
			buildConfigurations = (
				11DF7BB81A47BE2100B9D610 /* Debug */,
				11DF7BB91A47BE2100B9D610 /* Release */,
			);
			defaultConfigurationIsVisible = 0;
			defaultConfigurationName = Release;
		};
		11DF7BBA1A47BE2100B9D610 /* Build configuration list for PBXNativeTarget "UIScrolView-控件-StoryB" */ = {
			isa = XCConfigurationList;
			buildConfigurations = (
				11DF7BBB1A47BE2100B9D610 /* Debug */,
				11DF7BBC1A47BE2100B9D610 /* Release */,
			);
			defaultConfigurationIsVisible = 0;
		};
		11DF7BBD1A47BE2100B9D610 /* Build configuration list for PBXNativeTarget "UIScrolView-控件-StoryBTests" */ = {
			isa = XCConfigurationList;
			buildConfigurations = (
				11DF7BBE1A47BE2100B9D610 /* Debug */,
				11DF7BBF1A47BE2100B9D610 /* Release */,
			);
			defaultConfigurationIsVisible = 0;
		};
/* End XCConfigurationList section */
	};
	rootObject = 11DF7B8F1A47BE2000B9D610 /* Project object */;
}
