// !$*UTF8*$!
{
	archiveVersion = 1;
	classes = {
	};
	objectVersion = 46;
	objects = {

/* Begin PBXBuildFile section */
		1181194E1A35C94700E761E4 /* main.m in Sources */ = {isa = PBXBuildFile; fileRef = 1181194D1A35C94700E761E4 /* main.m */; };
		1181195A1A35CA1A00E761E4 /* ViewController.m in Sources */ = {isa = PBXBuildFile; fileRef = 118119591A35CA1A00E761E4 /* ViewController.m */; };
/* End PBXBuildFile section */

/* Begin PBXCopyFilesBuildPhase section */
		118119481A35C94700E761E4 /* CopyFiles */ = {
			isa = PBXCopyFilesBuildPhase;
			buildActionMask = 2147483647;
			dstPath = /usr/share/man/man1/;
			dstSubfolderSpec = 0;
			files = (
			);
			runOnlyForDeploymentPostprocessing = 1;
		};
/* End PBXCopyFilesBuildPhase section */

/* Begin PBXFileReference section */
		1181194A1A35C94700E761E4 /* Home-128 */ = {isa = PBXFileReference; explicitFileType = "compiled.mach-o.executable"; includeInIndex = 0; path = "Home-128"; sourceTree = BUILT_PRODUCTS_DIR; };
		1181194D1A35C94700E761E4 /* main.m */ = {isa = PBXFileReference; lastKnownFileType = sourcecode.c.objc; path = main.m; sourceTree = "<group>"; };
		118119541A35C9C700E761E4 /* SourceManager.h */ = {isa = PBXFileReference; lastKnownFileType = sourcecode.c.h; path = SourceManager.h; sourceTree = "<group>"; };
		118119551A35C9C700E761E4 /* Player.h */ = {isa = PBXFileReference; lastKnownFileType = sourcecode.c.h; path = Player.h; sourceTree = "<group>"; };
		118119561A35C9C700E761E4 /* Label.h */ = {isa = PBXFileReference; lastKnownFileType = sourcecode.c.h; path = Label.h; sourceTree = "<group>"; };
		118119571A35C9C700E761E4 /* Button.h */ = {isa = PBXFileReference; lastKnownFileType = sourcecode.c.h; path = Button.h; sourceTree = "<group>"; };
		118119581A35CA1A00E761E4 /* ViewController.h */ = {isa = PBXFileReference; fileEncoding = 4; lastKnownFileType = sourcecode.c.h; path = ViewController.h; sourceTree = "<group>"; };
		118119591A35CA1A00E761E4 /* ViewController.m */ = {isa = PBXFileReference; fileEncoding = 4; lastKnownFileType = sourcecode.c.objc; path = ViewController.m; sourceTree = "<group>"; };
/* End PBXFileReference section */

/* Begin PBXFrameworksBuildPhase section */
		118119471A35C94700E761E4 /* Frameworks */ = {
			isa = PBXFrameworksBuildPhase;
			buildActionMask = 2147483647;
			files = (
			);
			runOnlyForDeploymentPostprocessing = 0;
		};
/* End PBXFrameworksBuildPhase section */

/* Begin PBXGroup section */
		118119411A35C94700E761E4 = {
			isa = PBXGroup;
			children = (
				1181194C1A35C94700E761E4 /* Home-128 */,
				1181194B1A35C94700E761E4 /* Products */,
			);
			sourceTree = "<group>";
		};
		1181194B1A35C94700E761E4 /* Products */ = {
			isa = PBXGroup;
			children = (
				1181194A1A35C94700E761E4 /* Home-128 */,
			);
			name = Products;
			sourceTree = "<group>";
		};
		1181194C1A35C94700E761E4 /* Home-128 */ = {
			isa = PBXGroup;
			children = (
				118119541A35C9C700E761E4 /* SourceManager.h */,
				118119551A35C9C700E761E4 /* Player.h */,
				118119561A35C9C700E761E4 /* Label.h */,
				118119571A35C9C700E761E4 /* Button.h */,
				1181194D1A35C94700E761E4 /* main.m */,
				118119581A35CA1A00E761E4 /* ViewController.h */,
				118119591A35CA1A00E761E4 /* ViewController.m */,
			);
			path = "Home-128";
			sourceTree = "<group>";
		};
/* End PBXGroup section */

/* Begin PBXNativeTarget section */
		118119491A35C94700E761E4 /* Home-128 */ = {
			isa = PBXNativeTarget;
			buildConfigurationList = 118119511A35C94700E761E4 /* Build configuration list for PBXNativeTarget "Home-128" */;
			buildPhases = (
				118119461A35C94700E761E4 /* Sources */,
				118119471A35C94700E761E4 /* Frameworks */,
				118119481A35C94700E761E4 /* CopyFiles */,
			);
			buildRules = (
			);
			dependencies = (
			);
			name = "Home-128";
			productName = "Home-128";
			productReference = 1181194A1A35C94700E761E4 /* Home-128 */;
			productType = "com.apple.product-type.tool";
		};
/* End PBXNativeTarget section */

/* Begin PBXProject section */
		118119421A35C94700E761E4 /* Project object */ = {
			isa = PBXProject;
			attributes = {
				LastUpgradeCheck = 0610;
				ORGANIZATIONNAME = yan;
				TargetAttributes = {
					118119491A35C94700E761E4 = {
						CreatedOnToolsVersion = 6.1;
					};
				};
			};
			buildConfigurationList = 118119451A35C94700E761E4 /* Build configuration list for PBXProject "Home-128" */;
			compatibilityVersion = "Xcode 3.2";
			developmentRegion = English;
			hasScannedForEncodings = 0;
			knownRegions = (
				en,
			);
			mainGroup = 118119411A35C94700E761E4;
			productRefGroup = 1181194B1A35C94700E761E4 /* Products */;
			projectDirPath = "";
			projectRoot = "";
			targets = (
				118119491A35C94700E761E4 /* Home-128 */,
			);
		};
/* End PBXProject section */

/* Begin PBXSourcesBuildPhase section */
		118119461A35C94700E761E4 /* Sources */ = {
			isa = PBXSourcesBuildPhase;
			buildActionMask = 2147483647;
			files = (
				1181195A1A35CA1A00E761E4 /* ViewController.m in Sources */,
				1181194E1A35C94700E761E4 /* main.m in Sources */,
			);
			runOnlyForDeploymentPostprocessing = 0;
		};
/* End PBXSourcesBuildPhase section */

/* Begin XCBuildConfiguration section */
		1181194F1A35C94700E761E4 /* Debug */ = {
			isa = XCBuildConfiguration;
			buildSettings = {
				ALWAYS_SEARCH_USER_PATHS = NO;
				CLANG_CXX_LANGUAGE_STANDARD = "gnu++0x";
				CLANG_CXX_LIBRARY = "libc++";
				CLANG_ENABLE_MODULES = YES;
				CLANG_ENABLE_OBJC_ARC = YES;
				CLANG_WARN_BOOL_CONVERSION = YES;
				CLANG_WARN_CONSTANT_CONVERSION = YES;
				CLANG_WARN_DIRECT_OBJC_ISA_USAGE = YES_ERROR;
				CLANG_WARN_EMPTY_BODY = YES;
				CLANG_WARN_ENUM_CONVERSION = YES;
				CLANG_WARN_INT_CONVERSION = YES;
				CLANG_WARN_OBJC_ROOT_CLASS = YES_ERROR;
				CLANG_WARN_UNREACHABLE_CODE = YES;
				CLANG_WARN__DUPLICATE_METHOD_MATCH = YES;
				COPY_PHASE_STRIP = NO;
				ENABLE_STRICT_OBJC_MSGSEND = YES;
				GCC_C_LANGUAGE_STANDARD = gnu99;
				GCC_DYNAMIC_NO_PIC = NO;
				GCC_OPTIMIZATION_LEVEL = 0;
				GCC_PREPROCESSOR_DEFINITIONS = (
					"DEBUG=1",
					"$(inherited)",
				);
				GCC_SYMBOLS_PRIVATE_EXTERN = NO;
				GCC_WARN_64_TO_32_BIT_CONVERSION = YES;
				GCC_WARN_ABOUT_RETURN_TYPE = YES_ERROR;
				GCC_WARN_UNDECLARED_SELECTOR = YES;
				GCC_WARN_UNINITIALIZED_AUTOS = YES_AGGRESSIVE;
				GCC_WARN_UNUSED_FUNCTION = YES;
				GCC_WARN_UNUSED_VARIABLE = YES;
				MACOSX_DEPLOYMENT_TARGET = 10.10;
				MTL_ENABLE_DEBUG_INFO = YES;
				ONLY_ACTIVE_ARCH = YES;
				SDKROOT = macosx;
			};
			name = Debug;
		};
		118119501A35C94700E761E4 /* Release */ = {
			isa = XCBuildConfiguration;
			buildSettings = {
				ALWAYS_SEARCH_USER_PATHS = NO;
				CLANG_CXX_LANGUAGE_STANDARD = "gnu++0x";
				CLANG_CXX_LIBRARY = "libc++";
				CLANG_ENABLE_MODULES = YES;
				CLANG_ENABLE_OBJC_ARC = YES;
				CLANG_WARN_BOOL_CONVERSION = YES;
				CLANG_WARN_CONSTANT_CONVERSION = YES;
				CLANG_WARN_DIRECT_OBJC_ISA_USAGE = YES_ERROR;
				CLANG_WARN_EMPTY_BODY = YES;
				CLANG_WARN_ENUM_CONVERSION = YES;
				CLANG_WARN_INT_CONVERSION = YES;
				CLANG_WARN_OBJC_ROOT_CLASS = YES_ERROR;
				CLANG_WARN_UNREACHABLE_CODE = YES;
				CLANG_WARN__DUPLICATE_METHOD_MATCH = YES;
				COPY_PHASE_STRIP = YES;
				DEBUG_INFORMATION_FORMAT = "dwarf-with-dsym";
				ENABLE_NS_ASSERTIONS = NO;
				ENABLE_STRICT_OBJC_MSGSEND = YES;
				GCC_C_LANGUAGE_STANDARD = gnu99;
				GCC_WARN_64_TO_32_BIT_CONVERSION = YES;
				GCC_WARN_ABOUT_RETURN_TYPE = YES_ERROR;
				GCC_WARN_UNDECLARED_SELECTOR = YES;
				GCC_WARN_UNINITIALIZED_AUTOS = YES_AGGRESSIVE;
				GCC_WARN_UNUSED_FUNCTION = YES;
				GCC_WARN_UNUSED_VARIABLE = YES;
				MACOSX_DEPLOYMENT_TARGET = 10.10;
				MTL_ENABLE_DEBUG_INFO = NO;
				SDKROOT = macosx;
			};
			name = Release;
		};
		118119521A35C94700E761E4 /* Debug */ = {
			isa = XCBuildConfiguration;
			buildSettings = {
				PRODUCT_NAME = "$(TARGET_NAME)";
			};
			name = Debug;
		};
		118119531A35C94700E761E4 /* Release */ = {
			isa = XCBuildConfiguration;
			buildSettings = {
				PRODUCT_NAME = "$(TARGET_NAME)";
			};
			name = Release;
		};
/* End XCBuildConfiguration section */

/* Begin XCConfigurationList section */
		118119451A35C94700E761E4 /* Build configuration list for PBXProject "Home-128" */ = {
			isa = XCConfigurationList;
			buildConfigurations = (
				1181194F1A35C94700E761E4 /* Debug */,
				118119501A35C94700E761E4 /* Release */,
			);
			defaultConfigurationIsVisible = 0;
			defaultConfigurationName = Release;
		};
		118119511A35C94700E761E4 /* Build configuration list for PBXNativeTarget "Home-128" */ = {
			isa = XCConfigurationList;
			buildConfigurations = (
				118119521A35C94700E761E4 /* Debug */,
				118119531A35C94700E761E4 /* Release */,
			);
			defaultConfigurationIsVisible = 0;
			defaultConfigurationName = Release;
		};
/* End XCConfigurationList section */
	};
	rootObject = 118119421A35C94700E761E4 /* Project object */;
}
